// !$*UTF8*$!
{
	archiveVersion = 1;
	classes = {
	};
	objectVersion = 46;
	objects = {

/* Begin PBXBuildFile section */
		11042D701D2EA8C100EECC07 /* ADLoginAnimation.m in Sources */ = {isa = PBXBuildFile; fileRef = 11042D6F1D2EA8C100EECC07 /* ADLoginAnimation.m */; };
		11042D831D2EADC700EECC07 /* ADLoginViewModel.m in Sources */ = {isa = PBXBuildFile; fileRef = 11042D821D2EADC700EECC07 /* ADLoginViewModel.m */; };
		1156190C1D43D35C00ABA15F /* ADTabBarViewModel.m in Sources */ = {isa = PBXBuildFile; fileRef = 1156190B1D43D35C00ABA15F /* ADTabBarViewModel.m */; };
		1156190E1D43D38900ABA15F /* TabBar.storyboard in Resources */ = {isa = PBXBuildFile; fileRef = 1156190D1D43D38900ABA15F /* TabBar.storyboard */; };
		115619111D43D3F700ABA15F /* ADTabBarLoader.m in Sources */ = {isa = PBXBuildFile; fileRef = 115619101D43D3F700ABA15F /* ADTabBarLoader.m */; };
		115619161D43D5DB00ABA15F /* Subscribe.storyboard in Resources */ = {isa = PBXBuildFile; fileRef = 115619151D43D5DB00ABA15F /* Subscribe.storyboard */; };
		115619191D43DA8D00ABA15F /* ADSubscribeViewModel.m in Sources */ = {isa = PBXBuildFile; fileRef = 115619181D43DA8D00ABA15F /* ADSubscribeViewModel.m */; };
		1156191C1D43DDFA00ABA15F /* ADTabBarController.m in Sources */ = {isa = PBXBuildFile; fileRef = 1156191B1D43DDFA00ABA15F /* ADTabBarController.m */; };
		115619341D44F4A100ABA15F /* ADSubscribeViewController.m in Sources */ = {isa = PBXBuildFile; fileRef = 115619331D44F4A100ABA15F /* ADSubscribeViewController.m */; };
		118AE3871D450E30006DD475 /* Repositories.storyboard in Resources */ = {isa = PBXBuildFile; fileRef = 118AE3861D450E30006DD475 /* Repositories.storyboard */; };
		118AE38B1D450EFF006DD475 /* Profile.storyboard in Resources */ = {isa = PBXBuildFile; fileRef = 118AE38A1D450EFF006DD475 /* Profile.storyboard */; };
		118AE38F1D450FBF006DD475 /* Discover.storyboard in Resources */ = {isa = PBXBuildFile; fileRef = 118AE38E1D450FBF006DD475 /* Discover.storyboard */; };
		241637C41D2FAECA00A16944 /* ADPlatformManager.m in Sources */ = {isa = PBXBuildFile; fileRef = 241637C31D2FAECA00A16944 /* ADPlatformManager.m */; };
		2423312B1D2E36BD00EF8698 /* main.m in Sources */ = {isa = PBXBuildFile; fileRef = 2423312A1D2E36BD00EF8698 /* main.m */; };
		2423312E1D2E36BD00EF8698 /* AppDelegate.m in Sources */ = {isa = PBXBuildFile; fileRef = 2423312D1D2E36BD00EF8698 /* AppDelegate.m */; };
		242331311D2E36BD00EF8698 /* ViewController.m in Sources */ = {isa = PBXBuildFile; fileRef = 242331301D2E36BD00EF8698 /* ViewController.m */; };
		242331341D2E36BD00EF8698 /* Main.storyboard in Resources */ = {isa = PBXBuildFile; fileRef = 242331321D2E36BD00EF8698 /* Main.storyboard */; };
		242331361D2E36BD00EF8698 /* Assets.xcassets in Resources */ = {isa = PBXBuildFile; fileRef = 242331351D2E36BD00EF8698 /* Assets.xcassets */; };
		242331391D2E36BD00EF8698 /* LaunchScreen.storyboard in Resources */ = {isa = PBXBuildFile; fileRef = 242331371D2E36BD00EF8698 /* LaunchScreen.storyboard */; };
		242331441D2E36BD00EF8698 /* ScarecrowTests.m in Sources */ = {isa = PBXBuildFile; fileRef = 242331431D2E36BD00EF8698 /* ScarecrowTests.m */; };
		2423314F1D2E36BD00EF8698 /* ScarecrowUITests.m in Sources */ = {isa = PBXBuildFile; fileRef = 2423314E1D2E36BD00EF8698 /* ScarecrowUITests.m */; };
		242331C81D2E52B500EF8698 /* login.storyboard in Resources */ = {isa = PBXBuildFile; fileRef = 242331C71D2E52B500EF8698 /* login.storyboard */; };
		242331CB1D2E52D900EF8698 /* ADLoginViewController.m in Sources */ = {isa = PBXBuildFile; fileRef = 242331CA1D2E52D900EF8698 /* ADLoginViewController.m */; };
		2449988E1D4DEF2F00D6E9F7 /* Following.storyboard in Resources */ = {isa = PBXBuildFile; fileRef = 2449988D1D4DEF2F00D6E9F7 /* Following.storyboard */; };
		2459AAA91D538ADC00FCD90F /* ADSubscribeTableViewCell.m in Sources */ = {isa = PBXBuildFile; fileRef = 2459AAA81D538ADC00FCD90F /* ADSubscribeTableViewCell.m */; };
		246CA4251D38E6D0002167A2 /* ADDataBase.m in Sources */ = {isa = PBXBuildFile; fileRef = 246CA4241D38E6D0002167A2 /* ADDataBase.m */; };
		246E9DDB1D62013B00ED9EC4 /* ADProfileViewController.m in Sources */ = {isa = PBXBuildFile; fileRef = 246E9DDA1D62013B00ED9EC4 /* ADProfileViewController.m */; };
		246E9E071D637BC700ED9EC4 /* ADWebViewController.xib in Resources */ = {isa = PBXBuildFile; fileRef = 246E9E061D637BC700ED9EC4 /* ADWebViewController.xib */; };
		247DF6411D5D5F0B00607526 /* ReactiveCocoa.framework in Frameworks */ = {isa = PBXBuildFile; fileRef = 242331961D2E38A900EF8698 /* ReactiveCocoa.framework */; };
		247DF6421D5D5F0B00607526 /* ReactiveCocoa.framework in Embed Frameworks */ = {isa = PBXBuildFile; fileRef = 242331961D2E38A900EF8698 /* ReactiveCocoa.framework */; settings = {ATTRIBUTES = (CodeSignOnCopy, RemoveHeadersOnCopy, ); }; };
		247DF6451D5D5F0B00607526 /* Mantle.framework in Frameworks */ = {isa = PBXBuildFile; fileRef = 242331871D2E389900EF8698 /* Mantle.framework */; };
		247DF6461D5D5F0B00607526 /* Mantle.framework in Embed Frameworks */ = {isa = PBXBuildFile; fileRef = 242331871D2E389900EF8698 /* Mantle.framework */; settings = {ATTRIBUTES = (CodeSignOnCopy, RemoveHeadersOnCopy, ); }; };
		247DF6491D5D5F0B00607526 /* AFNetworking.framework in Frameworks */ = {isa = PBXBuildFile; fileRef = 242331761D2E388E00EF8698 /* AFNetworking.framework */; };
		247DF64A1D5D5F0B00607526 /* AFNetworking.framework in Embed Frameworks */ = {isa = PBXBuildFile; fileRef = 242331761D2E388E00EF8698 /* AFNetworking.framework */; settings = {ATTRIBUTES = (CodeSignOnCopy, RemoveHeadersOnCopy, ); }; };
		247DF64D1D5D5F0B00607526 /* ISO8601DateFormatter.framework in Frameworks */ = {isa = PBXBuildFile; fileRef = 2423317A1D2E388E00EF8698 /* ISO8601DateFormatter.framework */; };
		247DF64E1D5D5F0B00607526 /* ISO8601DateFormatter.framework in Embed Frameworks */ = {isa = PBXBuildFile; fileRef = 2423317A1D2E388E00EF8698 /* ISO8601DateFormatter.framework */; settings = {ATTRIBUTES = (CodeSignOnCopy, RemoveHeadersOnCopy, ); }; };
		247DF6511D5D5F0B00607526 /* OctoKit.framework in Frameworks */ = {isa = PBXBuildFile; fileRef = 242331691D2E387600EF8698 /* OctoKit.framework */; };
		247DF6521D5D5F0B00607526 /* OctoKit.framework in Embed Frameworks */ = {isa = PBXBuildFile; fileRef = 242331691D2E387600EF8698 /* OctoKit.framework */; settings = {ATTRIBUTES = (CodeSignOnCopy, RemoveHeadersOnCopy, ); }; };
		248569D21D5E21820087E62D /* NSMutableAttributedString+Scarecrow.m in Sources */ = {isa = PBXBuildFile; fileRef = 248569B31D5E21820087E62D /* NSMutableAttributedString+Scarecrow.m */; };
		248569D31D5E21820087E62D /* NSURL+Scarecrow.m in Sources */ = {isa = PBXBuildFile; fileRef = 248569B51D5E21820087E62D /* NSURL+Scarecrow.m */; };
		248569D41D5E21820087E62D /* OCTEvent+AttributedString.m in Sources */ = {isa = PBXBuildFile; fileRef = 248569B71D5E21820087E62D /* OCTEvent+AttributedString.m */; };
		248569D51D5E21820087E62D /* OCTEvent+Persistence.m in Sources */ = {isa = PBXBuildFile; fileRef = 248569B91D5E21820087E62D /* OCTEvent+Persistence.m */; };
		248569D61D5E21820087E62D /* OCTRef+Scarecrow.m in Sources */ = {isa = PBXBuildFile; fileRef = 248569BB1D5E21820087E62D /* OCTRef+Scarecrow.m */; };
		248569D71D5E21820087E62D /* OCTUser+Persistence.m in Sources */ = {isa = PBXBuildFile; fileRef = 248569BD1D5E21820087E62D /* OCTUser+Persistence.m */; };
		248569D81D5E21820087E62D /* SSKeychain+Scarecrow.m in Sources */ = {isa = PBXBuildFile; fileRef = 248569BF1D5E21820087E62D /* SSKeychain+Scarecrow.m */; };
		248569D91D5E21820087E62D /* UIColor+Scarecrow.m in Sources */ = {isa = PBXBuildFile; fileRef = 248569C11D5E21820087E62D /* UIColor+Scarecrow.m */; };
		248569DA1D5E21820087E62D /* UIStoryboard+ViewModel.m in Sources */ = {isa = PBXBuildFile; fileRef = 248569C31D5E21820087E62D /* UIStoryboard+ViewModel.m */; };
		248569DB1D5E21820087E62D /* ADNavigationController.m in Sources */ = {isa = PBXBuildFile; fileRef = 248569C61D5E21820087E62D /* ADNavigationController.m */; };
		248569DC1D5E21820087E62D /* ADTableViewController.m in Sources */ = {isa = PBXBuildFile; fileRef = 248569C81D5E21820087E62D /* ADTableViewController.m */; };
		248569DD1D5E21820087E62D /* ADViewController.m in Sources */ = {isa = PBXBuildFile; fileRef = 248569CA1D5E21820087E62D /* ADViewController.m */; };
		248569DE1D5E21820087E62D /* ADTableViewModel.m in Sources */ = {isa = PBXBuildFile; fileRef = 248569CD1D5E21820087E62D /* ADTableViewModel.m */; };
		248569DF1D5E21820087E62D /* ADViewModel.m in Sources */ = {isa = PBXBuildFile; fileRef = 248569CF1D5E21820087E62D /* ADViewModel.m */; };
		248569E01D5E21820087E62D /* ADLoadingTitleView.xib in Resources */ = {isa = PBXBuildFile; fileRef = 248569D11D5E21820087E62D /* ADLoadingTitleView.xib */; };
		248569E41D5E21CA0087E62D /* ADWebViewModel.m in Sources */ = {isa = PBXBuildFile; fileRef = 248569E31D5E21CA0087E62D /* ADWebViewModel.m */; };
		248569E71D5E22110087E62D /* ADOauthViewModel.m in Sources */ = {isa = PBXBuildFile; fileRef = 248569E61D5E22110087E62D /* ADOauthViewModel.m */; };
		248569EA1D5E26300087E62D /* ADWebViewController.m in Sources */ = {isa = PBXBuildFile; fileRef = 248569E91D5E26300087E62D /* ADWebViewController.m */; };
		248569ED1D5E289F0087E62D /* ADOauthViewController.m in Sources */ = {isa = PBXBuildFile; fileRef = 248569EC1D5E289F0087E62D /* ADOauthViewController.m */; };
		24856A111D5EBDDA0087E62D /* ADOauthViewController.xib in Resources */ = {isa = PBXBuildFile; fileRef = 24856A0F1D5EBDDA0087E62D /* ADOauthViewController.xib */; };
		24A53C881D5020A200749A30 /* ADFollowingViewModel.m in Sources */ = {isa = PBXBuildFile; fileRef = 24A53C871D5020A200749A30 /* ADFollowingViewModel.m */; };
		24A53C8C1D50211500749A30 /* ADDiscoverViewModel.m in Sources */ = {isa = PBXBuildFile; fileRef = 24A53C8B1D50211500749A30 /* ADDiscoverViewModel.m */; };
		24A53C901D50214400749A30 /* ADProfileViewModel.m in Sources */ = {isa = PBXBuildFile; fileRef = 24A53C8F1D50214400749A30 /* ADProfileViewModel.m */; };
		24A53C941D50217B00749A30 /* ADRepositoriesViewModel.m in Sources */ = {isa = PBXBuildFile; fileRef = 24A53C931D50217B00749A30 /* ADRepositoriesViewModel.m */; };
		24B0D1501D5F764500805A45 /* ADAvatarHeaderViewModel.m in Sources */ = {isa = PBXBuildFile; fileRef = 24B0D14F1D5F764500805A45 /* ADAvatarHeaderViewModel.m */; };
		24B0D15E1D5F780400805A45 /* ADAvatarHeaderView.m in Sources */ = {isa = PBXBuildFile; fileRef = 24B0D15D1D5F780400805A45 /* ADAvatarHeaderView.m */; };
		24B0D1601D5F784400805A45 /* ADAvatarHeanderView.xib in Resources */ = {isa = PBXBuildFile; fileRef = 24B0D15F1D5F784400805A45 /* ADAvatarHeanderView.xib */; };
		24B0D1631D5FF7BE00805A45 /* ADFollowButton.m in Sources */ = {isa = PBXBuildFile; fileRef = 24B0D1621D5FF7BE00805A45 /* ADFollowButton.m */; };
		24B0D1691D60B90500805A45 /* UIImage+Octions.m in Sources */ = {isa = PBXBuildFile; fileRef = 24B0D1681D60B90500805A45 /* UIImage+Octions.m */; };
		24B2DA881D52EF7B00CD93A2 /* ADSubscribeItemViewModel.m in Sources */ = {isa = PBXBuildFile; fileRef = 24B2DA871D52EF7B00CD93A2 /* ADSubscribeItemViewModel.m */; };
		AEFB1039A36CC7EFA63B91F0 /* libPods-Scarecrow.a in Frameworks */ = {isa = PBXBuildFile; fileRef = FF4178A22B1E9BC55BED0135 /* libPods-Scarecrow.a */; };
/* End PBXBuildFile section */

/* Begin PBXContainerItemProxy section */
		242331401D2E36BD00EF8698 /* PBXContainerItemProxy */ = {
			isa = PBXContainerItemProxy;
			containerPortal = 2423311E1D2E36BD00EF8698 /* Project object */;
			proxyType = 1;
			remoteGlobalIDString = 242331251D2E36BD00EF8698;
			remoteInfo = Scarecrow;
		};
		2423314B1D2E36BD00EF8698 /* PBXContainerItemProxy */ = {
			isa = PBXContainerItemProxy;
			containerPortal = 2423311E1D2E36BD00EF8698 /* Project object */;
			proxyType = 1;
			remoteGlobalIDString = 242331251D2E36BD00EF8698;
			remoteInfo = Scarecrow;
		};
		242331641D2E387600EF8698 /* PBXContainerItemProxy */ = {
			isa = PBXContainerItemProxy;
			containerPortal = 2423315C1D2E387500EF8698 /* OctoKit.xcodeproj */;
			proxyType = 2;
			remoteGlobalIDString = D0871EA8169E2EFC00016ACA;
			remoteInfo = "OctoKit Mac";
		};
		242331661D2E387600EF8698 /* PBXContainerItemProxy */ = {
			isa = PBXContainerItemProxy;
			containerPortal = 2423315C1D2E387500EF8698 /* OctoKit.xcodeproj */;
			proxyType = 2;
			remoteGlobalIDString = D0871EC0169E2EFC00016ACA;
			remoteInfo = "OctoKit Mac Tests";
		};
		242331681D2E387600EF8698 /* PBXContainerItemProxy */ = {
			isa = PBXContainerItemProxy;
			containerPortal = 2423315C1D2E387500EF8698 /* OctoKit.xcodeproj */;
			proxyType = 2;
			remoteGlobalIDString = D0040CF319FEC579002869A6;
			remoteInfo = "OctoKit iOS";
		};
		2423316A1D2E387600EF8698 /* PBXContainerItemProxy */ = {
			isa = PBXContainerItemProxy;
			containerPortal = 2423315C1D2E387500EF8698 /* OctoKit.xcodeproj */;
			proxyType = 2;
			remoteGlobalIDString = D0040CFD19FEC579002869A6;
			remoteInfo = "OctoKit iOS Tests";
		};
		242331731D2E388E00EF8698 /* PBXContainerItemProxy */ = {
			isa = PBXContainerItemProxy;
			containerPortal = 2423316C1D2E388E00EF8698 /* OctoKitDependencies.xcodeproj */;
			proxyType = 2;
			remoteGlobalIDString = D0476DBD177916920071F3CB;
			remoteInfo = "AFNetworking Mac";
		};
		242331751D2E388E00EF8698 /* PBXContainerItemProxy */ = {
			isa = PBXContainerItemProxy;
			containerPortal = 2423316C1D2E388E00EF8698 /* OctoKitDependencies.xcodeproj */;
			proxyType = 2;
			remoteGlobalIDString = D0040C9919FEC274002869A6;
			remoteInfo = "AFNetworking iOS";
		};
		242331771D2E388E00EF8698 /* PBXContainerItemProxy */ = {
			isa = PBXContainerItemProxy;
			containerPortal = 2423316C1D2E388E00EF8698 /* OctoKitDependencies.xcodeproj */;
			proxyType = 2;
			remoteGlobalIDString = D0476E5E17791AA50071F3CB;
			remoteInfo = "ISO8601DateFormatter Mac";
		};
		242331791D2E388E00EF8698 /* PBXContainerItemProxy */ = {
			isa = PBXContainerItemProxy;
			containerPortal = 2423316C1D2E388E00EF8698 /* OctoKitDependencies.xcodeproj */;
			proxyType = 2;
			remoteGlobalIDString = D0040CBB19FEC418002869A6;
			remoteInfo = "ISO8601DateFormatter iOS";
		};
		242331821D2E389900EF8698 /* PBXContainerItemProxy */ = {
			isa = PBXContainerItemProxy;
			containerPortal = 2423317B1D2E389900EF8698 /* Mantle.xcodeproj */;
			proxyType = 2;
			remoteGlobalIDString = D042FC3C15F72B23004E8054;
			remoteInfo = "Mantle-Mac";
		};
		242331841D2E389900EF8698 /* PBXContainerItemProxy */ = {
			isa = PBXContainerItemProxy;
			containerPortal = 2423317B1D2E389900EF8698 /* Mantle.xcodeproj */;
			proxyType = 2;
			remoteGlobalIDString = D042FC5415F72B23004E8054;
			remoteInfo = "Mantle-MacTests";
		};
		242331861D2E389900EF8698 /* PBXContainerItemProxy */ = {
			isa = PBXContainerItemProxy;
			containerPortal = 2423317B1D2E389900EF8698 /* Mantle.xcodeproj */;
			proxyType = 2;
			remoteGlobalIDString = D0E9C35719F6DB38000D427D;
			remoteInfo = "Mantle-iOS";
		};
		242331881D2E389900EF8698 /* PBXContainerItemProxy */ = {
			isa = PBXContainerItemProxy;
			containerPortal = 2423317B1D2E389900EF8698 /* Mantle.xcodeproj */;
			proxyType = 2;
			remoteGlobalIDString = D0E9C36119F6DB38000D427D;
			remoteInfo = "Mantle-iOSTests";
		};
		242331911D2E38A900EF8698 /* PBXContainerItemProxy */ = {
			isa = PBXContainerItemProxy;
			containerPortal = 2423318A1D2E38A900EF8698 /* ReactiveCocoa.xcodeproj */;
			proxyType = 2;
			remoteGlobalIDString = D04725EA19E49ED7006002AA;
			remoteInfo = "ReactiveCocoa-Mac";
		};
		242331931D2E38A900EF8698 /* PBXContainerItemProxy */ = {
			isa = PBXContainerItemProxy;
			containerPortal = 2423318A1D2E38A900EF8698 /* ReactiveCocoa.xcodeproj */;
			proxyType = 2;
			remoteGlobalIDString = D04725F519E49ED7006002AA;
			remoteInfo = "ReactiveCocoa-MacTests";
		};
		242331951D2E38A900EF8698 /* PBXContainerItemProxy */ = {
			isa = PBXContainerItemProxy;
			containerPortal = 2423318A1D2E38A900EF8698 /* ReactiveCocoa.xcodeproj */;
			proxyType = 2;
			remoteGlobalIDString = D047260C19E49F82006002AA;
			remoteInfo = "ReactiveCocoa-iOS";
		};
		242331971D2E38A900EF8698 /* PBXContainerItemProxy */ = {
			isa = PBXContainerItemProxy;
			containerPortal = 2423318A1D2E38A900EF8698 /* ReactiveCocoa.xcodeproj */;
			proxyType = 2;
			remoteGlobalIDString = D047261619E49F82006002AA;
			remoteInfo = "ReactiveCocoa-iOSTests";
		};
		2423319A1D2E393600EF8698 /* PBXContainerItemProxy */ = {
			isa = PBXContainerItemProxy;
			containerPortal = 2423318A1D2E38A900EF8698 /* ReactiveCocoa.xcodeproj */;
			proxyType = 1;
			remoteGlobalIDString = D047260B19E49F82006002AA;
			remoteInfo = "ReactiveCocoa-iOS";
		};
		2423319C1D2E393600EF8698 /* PBXContainerItemProxy */ = {
			isa = PBXContainerItemProxy;
			containerPortal = 2423317B1D2E389900EF8698 /* Mantle.xcodeproj */;
			proxyType = 1;
			remoteGlobalIDString = D0E9C35619F6DB38000D427D;
			remoteInfo = "Mantle-iOS";
		};
		2423319E1D2E393600EF8698 /* PBXContainerItemProxy */ = {
			isa = PBXContainerItemProxy;
			containerPortal = 2423316C1D2E388E00EF8698 /* OctoKitDependencies.xcodeproj */;
			proxyType = 1;
			remoteGlobalIDString = D0040C9819FEC274002869A6;
			remoteInfo = "AFNetworking iOS";
		};
		242331A01D2E393600EF8698 /* PBXContainerItemProxy */ = {
			isa = PBXContainerItemProxy;
			containerPortal = 2423316C1D2E388E00EF8698 /* OctoKitDependencies.xcodeproj */;
			proxyType = 1;
			remoteGlobalIDString = D0040CBA19FEC418002869A6;
			remoteInfo = "ISO8601DateFormatter iOS";
		};
		242331A21D2E393600EF8698 /* PBXContainerItemProxy */ = {
			isa = PBXContainerItemProxy;
			containerPortal = 2423315C1D2E387500EF8698 /* OctoKit.xcodeproj */;
			proxyType = 1;
			remoteGlobalIDString = D0040CF219FEC579002869A6;
			remoteInfo = "OctoKit iOS";
		};
		247DF6431D5D5F0B00607526 /* PBXContainerItemProxy */ = {
			isa = PBXContainerItemProxy;
			containerPortal = 2423318A1D2E38A900EF8698 /* ReactiveCocoa.xcodeproj */;
			proxyType = 1;
			remoteGlobalIDString = D047260B19E49F82006002AA;
			remoteInfo = "ReactiveCocoa-iOS";
		};
		247DF6471D5D5F0B00607526 /* PBXContainerItemProxy */ = {
			isa = PBXContainerItemProxy;
			containerPortal = 2423317B1D2E389900EF8698 /* Mantle.xcodeproj */;
			proxyType = 1;
			remoteGlobalIDString = D0E9C35619F6DB38000D427D;
			remoteInfo = "Mantle-iOS";
		};
		247DF64B1D5D5F0B00607526 /* PBXContainerItemProxy */ = {
			isa = PBXContainerItemProxy;
			containerPortal = 2423316C1D2E388E00EF8698 /* OctoKitDependencies.xcodeproj */;
			proxyType = 1;
			remoteGlobalIDString = D0040C9819FEC274002869A6;
			remoteInfo = "AFNetworking iOS";
		};
		247DF64F1D5D5F0B00607526 /* PBXContainerItemProxy */ = {
			isa = PBXContainerItemProxy;
			containerPortal = 2423316C1D2E388E00EF8698 /* OctoKitDependencies.xcodeproj */;
			proxyType = 1;
			remoteGlobalIDString = D0040CBA19FEC418002869A6;
			remoteInfo = "ISO8601DateFormatter iOS";
		};
		247DF6531D5D5F0B00607526 /* PBXContainerItemProxy */ = {
			isa = PBXContainerItemProxy;
			containerPortal = 2423315C1D2E387500EF8698 /* OctoKit.xcodeproj */;
			proxyType = 1;
			remoteGlobalIDString = D0040CF219FEC579002869A6;
			remoteInfo = "OctoKit iOS";
		};
/* End PBXContainerItemProxy section */

/* Begin PBXCopyFilesBuildPhase section */
		247DF6551D5D5F0B00607526 /* Embed Frameworks */ = {
			isa = PBXCopyFilesBuildPhase;
			buildActionMask = 2147483647;
			dstPath = "";
			dstSubfolderSpec = 10;
			files = (
				247DF6421D5D5F0B00607526 /* ReactiveCocoa.framework in Embed Frameworks */,
				247DF6521D5D5F0B00607526 /* OctoKit.framework in Embed Frameworks */,
				247DF64A1D5D5F0B00607526 /* AFNetworking.framework in Embed Frameworks */,
				247DF64E1D5D5F0B00607526 /* ISO8601DateFormatter.framework in Embed Frameworks */,
				247DF6461D5D5F0B00607526 /* Mantle.framework in Embed Frameworks */,
			);
			name = "Embed Frameworks";
			runOnlyForDeploymentPostprocessing = 0;
		};
/* End PBXCopyFilesBuildPhase section */

/* Begin PBXFileReference section */
		0F1B985E458E72E81AC860FA /* Pods-Scarecrow.debug.xcconfig */ = {isa = PBXFileReference; includeInIndex = 1; lastKnownFileType = text.xcconfig; name = "Pods-Scarecrow.debug.xcconfig"; path = "Pods/Target Support Files/Pods-Scarecrow/Pods-Scarecrow.debug.xcconfig"; sourceTree = "<group>"; };
		11042D6E1D2EA8C100EECC07 /* ADLoginAnimation.h */ = {isa = PBXFileReference; fileEncoding = 4; lastKnownFileType = sourcecode.c.h; name = ADLoginAnimation.h; path = Login/View/ADLoginAnimation.h; sourceTree = "<group>"; };
		11042D6F1D2EA8C100EECC07 /* ADLoginAnimation.m */ = {isa = PBXFileReference; fileEncoding = 4; lastKnownFileType = sourcecode.c.objc; name = ADLoginAnimation.m; path = Login/View/ADLoginAnimation.m; sourceTree = "<group>"; };
		11042D811D2EADC700EECC07 /* ADLoginViewModel.h */ = {isa = PBXFileReference; fileEncoding = 4; lastKnownFileType = sourcecode.c.h; name = ADLoginViewModel.h; path = Login/ViewModel/ADLoginViewModel.h; sourceTree = "<group>"; };
		11042D821D2EADC700EECC07 /* ADLoginViewModel.m */ = {isa = PBXFileReference; fileEncoding = 4; lastKnownFileType = sourcecode.c.objc; name = ADLoginViewModel.m; path = Login/ViewModel/ADLoginViewModel.m; sourceTree = "<group>"; };
		1118EC081D33ED060099B82B /* configure.h */ = {isa = PBXFileReference; lastKnownFileType = sourcecode.c.h; path = configure.h; sourceTree = "<group>"; };
		1156190A1D43D35C00ABA15F /* ADTabBarViewModel.h */ = {isa = PBXFileReference; fileEncoding = 4; lastKnownFileType = sourcecode.c.h; name = ADTabBarViewModel.h; path = TabBar/ViewModel/ADTabBarViewModel.h; sourceTree = "<group>"; };
		1156190B1D43D35C00ABA15F /* ADTabBarViewModel.m */ = {isa = PBXFileReference; fileEncoding = 4; lastKnownFileType = sourcecode.c.objc; name = ADTabBarViewModel.m; path = TabBar/ViewModel/ADTabBarViewModel.m; sourceTree = "<group>"; };
		1156190D1D43D38900ABA15F /* TabBar.storyboard */ = {isa = PBXFileReference; fileEncoding = 4; lastKnownFileType = file.storyboard; name = TabBar.storyboard; path = TabBar/View/TabBar.storyboard; sourceTree = "<group>"; };
		1156190F1D43D3F700ABA15F /* ADTabBarLoader.h */ = {isa = PBXFileReference; fileEncoding = 4; lastKnownFileType = sourcecode.c.h; name = ADTabBarLoader.h; path = TabBar/View/ADTabBarLoader.h; sourceTree = "<group>"; };
		115619101D43D3F700ABA15F /* ADTabBarLoader.m */ = {isa = PBXFileReference; fileEncoding = 4; lastKnownFileType = sourcecode.c.objc; name = ADTabBarLoader.m; path = TabBar/View/ADTabBarLoader.m; sourceTree = "<group>"; };
		115619151D43D5DB00ABA15F /* Subscribe.storyboard */ = {isa = PBXFileReference; fileEncoding = 4; lastKnownFileType = file.storyboard; name = Subscribe.storyboard; path = Subscribe/View/Subscribe.storyboard; sourceTree = "<group>"; };
		115619171D43DA8D00ABA15F /* ADSubscribeViewModel.h */ = {isa = PBXFileReference; fileEncoding = 4; lastKnownFileType = sourcecode.c.h; name = ADSubscribeViewModel.h; path = Subscribe/ViewModel/ADSubscribeViewModel.h; sourceTree = "<group>"; };
		115619181D43DA8D00ABA15F /* ADSubscribeViewModel.m */ = {isa = PBXFileReference; fileEncoding = 4; lastKnownFileType = sourcecode.c.objc; name = ADSubscribeViewModel.m; path = Subscribe/ViewModel/ADSubscribeViewModel.m; sourceTree = "<group>"; };
		1156191A1D43DDFA00ABA15F /* ADTabBarController.h */ = {isa = PBXFileReference; fileEncoding = 4; lastKnownFileType = sourcecode.c.h; name = ADTabBarController.h; path = TabBar/View/ADTabBarController.h; sourceTree = "<group>"; };
		1156191B1D43DDFA00ABA15F /* ADTabBarController.m */ = {isa = PBXFileReference; fileEncoding = 4; lastKnownFileType = sourcecode.c.objc; name = ADTabBarController.m; path = TabBar/View/ADTabBarController.m; sourceTree = "<group>"; };
		115619321D44F4A100ABA15F /* ADSubscribeViewController.h */ = {isa = PBXFileReference; fileEncoding = 4; lastKnownFileType = sourcecode.c.h; name = ADSubscribeViewController.h; path = Subscribe/View/ADSubscribeViewController.h; sourceTree = "<group>"; };
		115619331D44F4A100ABA15F /* ADSubscribeViewController.m */ = {isa = PBXFileReference; fileEncoding = 4; lastKnownFileType = sourcecode.c.objc; name = ADSubscribeViewController.m; path = Subscribe/View/ADSubscribeViewController.m; sourceTree = "<group>"; };
		118AE3861D450E30006DD475 /* Repositories.storyboard */ = {isa = PBXFileReference; fileEncoding = 4; lastKnownFileType = file.storyboard; name = Repositories.storyboard; path = Repositories/View/Repositories.storyboard; sourceTree = "<group>"; };
		118AE38A1D450EFF006DD475 /* Profile.storyboard */ = {isa = PBXFileReference; fileEncoding = 4; lastKnownFileType = file.storyboard; name = Profile.storyboard; path = Profile/View/Profile.storyboard; sourceTree = "<group>"; };
		118AE38E1D450FBF006DD475 /* Discover.storyboard */ = {isa = PBXFileReference; fileEncoding = 4; lastKnownFileType = file.storyboard; name = Discover.storyboard; path = Discover/View/Discover.storyboard; sourceTree = "<group>"; };
		241637C21D2FAECA00A16944 /* ADPlatformManager.h */ = {isa = PBXFileReference; fileEncoding = 4; lastKnownFileType = sourcecode.c.h; name = ADPlatformManager.h; path = Core/Platform/ADPlatformManager.h; sourceTree = "<group>"; };
		241637C31D2FAECA00A16944 /* ADPlatformManager.m */ = {isa = PBXFileReference; fileEncoding = 4; lastKnownFileType = sourcecode.c.objc; name = ADPlatformManager.m; path = Core/Platform/ADPlatformManager.m; sourceTree = "<group>"; };
		242331261D2E36BD00EF8698 /* Scarecrow.app */ = {isa = PBXFileReference; explicitFileType = wrapper.application; includeInIndex = 0; path = Scarecrow.app; sourceTree = BUILT_PRODUCTS_DIR; };
		2423312A1D2E36BD00EF8698 /* main.m */ = {isa = PBXFileReference; lastKnownFileType = sourcecode.c.objc; path = main.m; sourceTree = "<group>"; };
		2423312C1D2E36BD00EF8698 /* AppDelegate.h */ = {isa = PBXFileReference; lastKnownFileType = sourcecode.c.h; path = AppDelegate.h; sourceTree = "<group>"; };
		2423312D1D2E36BD00EF8698 /* AppDelegate.m */ = {isa = PBXFileReference; lastKnownFileType = sourcecode.c.objc; path = AppDelegate.m; sourceTree = "<group>"; };
		2423312F1D2E36BD00EF8698 /* ViewController.h */ = {isa = PBXFileReference; lastKnownFileType = sourcecode.c.h; path = ViewController.h; sourceTree = "<group>"; };
		242331301D2E36BD00EF8698 /* ViewController.m */ = {isa = PBXFileReference; lastKnownFileType = sourcecode.c.objc; path = ViewController.m; sourceTree = "<group>"; };
		242331331D2E36BD00EF8698 /* Base */ = {isa = PBXFileReference; lastKnownFileType = file.storyboard; name = Base; path = Base.lproj/Main.storyboard; sourceTree = "<group>"; };
		242331351D2E36BD00EF8698 /* Assets.xcassets */ = {isa = PBXFileReference; lastKnownFileType = folder.assetcatalog; path = Assets.xcassets; sourceTree = "<group>"; };
		242331381D2E36BD00EF8698 /* Base */ = {isa = PBXFileReference; lastKnownFileType = file.storyboard; name = Base; path = Base.lproj/LaunchScreen.storyboard; sourceTree = "<group>"; };
		2423313A1D2E36BD00EF8698 /* Info.plist */ = {isa = PBXFileReference; lastKnownFileType = text.plist.xml; path = Info.plist; sourceTree = "<group>"; };
		2423313F1D2E36BD00EF8698 /* ScarecrowTests.xctest */ = {isa = PBXFileReference; explicitFileType = wrapper.cfbundle; includeInIndex = 0; path = ScarecrowTests.xctest; sourceTree = BUILT_PRODUCTS_DIR; };
		242331431D2E36BD00EF8698 /* ScarecrowTests.m */ = {isa = PBXFileReference; lastKnownFileType = sourcecode.c.objc; path = ScarecrowTests.m; sourceTree = "<group>"; };
		242331451D2E36BD00EF8698 /* Info.plist */ = {isa = PBXFileReference; lastKnownFileType = text.plist.xml; path = Info.plist; sourceTree = "<group>"; };
		2423314A1D2E36BD00EF8698 /* ScarecrowUITests.xctest */ = {isa = PBXFileReference; explicitFileType = wrapper.cfbundle; includeInIndex = 0; path = ScarecrowUITests.xctest; sourceTree = BUILT_PRODUCTS_DIR; };
		2423314E1D2E36BD00EF8698 /* ScarecrowUITests.m */ = {isa = PBXFileReference; lastKnownFileType = sourcecode.c.objc; path = ScarecrowUITests.m; sourceTree = "<group>"; };
		242331501D2E36BD00EF8698 /* Info.plist */ = {isa = PBXFileReference; lastKnownFileType = text.plist.xml; path = Info.plist; sourceTree = "<group>"; };
		2423315C1D2E387500EF8698 /* OctoKit.xcodeproj */ = {isa = PBXFileReference; lastKnownFileType = "wrapper.pb-project"; name = OctoKit.xcodeproj; path = Octokit/OctoKit.xcodeproj; sourceTree = "<group>"; };
		2423316C1D2E388E00EF8698 /* OctoKitDependencies.xcodeproj */ = {isa = PBXFileReference; lastKnownFileType = "wrapper.pb-project"; name = OctoKitDependencies.xcodeproj; path = Octokit/External/OctoKitDependencies/OctoKitDependencies.xcodeproj; sourceTree = "<group>"; };
		2423317B1D2E389900EF8698 /* Mantle.xcodeproj */ = {isa = PBXFileReference; lastKnownFileType = "wrapper.pb-project"; name = Mantle.xcodeproj; path = Octokit/Carthage/Checkouts/Mantle/Mantle.xcodeproj; sourceTree = "<group>"; };
		2423318A1D2E38A900EF8698 /* ReactiveCocoa.xcodeproj */ = {isa = PBXFileReference; lastKnownFileType = "wrapper.pb-project"; name = ReactiveCocoa.xcodeproj; path = Octokit/Carthage/Checkouts/ReactiveCocoa/ReactiveCocoa.xcodeproj; sourceTree = "<group>"; };
		242331A51D2E3AC300EF8698 /* Scarecrow-prefix.pch */ = {isa = PBXFileReference; fileEncoding = 4; lastKnownFileType = sourcecode.c.h; path = "Scarecrow-prefix.pch"; sourceTree = "<group>"; };
		242331C71D2E52B500EF8698 /* login.storyboard */ = {isa = PBXFileReference; fileEncoding = 4; lastKnownFileType = file.storyboard; name = login.storyboard; path = Login/View/login.storyboard; sourceTree = "<group>"; };
		242331C91D2E52D900EF8698 /* ADLoginViewController.h */ = {isa = PBXFileReference; fileEncoding = 4; lastKnownFileType = sourcecode.c.h; name = ADLoginViewController.h; path = Login/View/ADLoginViewController.h; sourceTree = "<group>"; };
		242331CA1D2E52D900EF8698 /* ADLoginViewController.m */ = {isa = PBXFileReference; fileEncoding = 4; lastKnownFileType = sourcecode.c.objc; name = ADLoginViewController.m; path = Login/View/ADLoginViewController.m; sourceTree = "<group>"; };
		2449988D1D4DEF2F00D6E9F7 /* Following.storyboard */ = {isa = PBXFileReference; fileEncoding = 4; lastKnownFileType = file.storyboard; name = Following.storyboard; path = Following/View/Following.storyboard; sourceTree = "<group>"; };
		2459AAA71D538ADC00FCD90F /* ADSubscribeTableViewCell.h */ = {isa = PBXFileReference; fileEncoding = 4; lastKnownFileType = sourcecode.c.h; name = ADSubscribeTableViewCell.h; path = Subscribe/View/ADSubscribeTableViewCell.h; sourceTree = "<group>"; };
		2459AAA81D538ADC00FCD90F /* ADSubscribeTableViewCell.m */ = {isa = PBXFileReference; fileEncoding = 4; lastKnownFileType = sourcecode.c.objc; name = ADSubscribeTableViewCell.m; path = Subscribe/View/ADSubscribeTableViewCell.m; sourceTree = "<group>"; };
		246CA4231D38E6D0002167A2 /* ADDataBase.h */ = {isa = PBXFileReference; fileEncoding = 4; lastKnownFileType = sourcecode.c.h; name = ADDataBase.h; path = Core/DataBase/ADDataBase.h; sourceTree = "<group>"; };
		246CA4241D38E6D0002167A2 /* ADDataBase.m */ = {isa = PBXFileReference; fileEncoding = 4; lastKnownFileType = sourcecode.c.objc; name = ADDataBase.m; path = Core/DataBase/ADDataBase.m; sourceTree = "<group>"; };
		246E9DD91D62013B00ED9EC4 /* ADProfileViewController.h */ = {isa = PBXFileReference; fileEncoding = 4; lastKnownFileType = sourcecode.c.h; name = ADProfileViewController.h; path = Profile/View/ADProfileViewController.h; sourceTree = "<group>"; };
		246E9DDA1D62013B00ED9EC4 /* ADProfileViewController.m */ = {isa = PBXFileReference; fileEncoding = 4; lastKnownFileType = sourcecode.c.objc; name = ADProfileViewController.m; path = Profile/View/ADProfileViewController.m; sourceTree = "<group>"; };
		246E9E061D637BC700ED9EC4 /* ADWebViewController.xib */ = {isa = PBXFileReference; fileEncoding = 4; lastKnownFileType = file.xib; path = ADWebViewController.xib; sourceTree = "<group>"; };
		248569B21D5E21820087E62D /* NSMutableAttributedString+Scarecrow.h */ = {isa = PBXFileReference; fileEncoding = 4; lastKnownFileType = sourcecode.c.h; path = "NSMutableAttributedString+Scarecrow.h"; sourceTree = "<group>"; };
		248569B31D5E21820087E62D /* NSMutableAttributedString+Scarecrow.m */ = {isa = PBXFileReference; fileEncoding = 4; lastKnownFileType = sourcecode.c.objc; path = "NSMutableAttributedString+Scarecrow.m"; sourceTree = "<group>"; };
		248569B41D5E21820087E62D /* NSURL+Scarecrow.h */ = {isa = PBXFileReference; fileEncoding = 4; lastKnownFileType = sourcecode.c.h; path = "NSURL+Scarecrow.h"; sourceTree = "<group>"; };
		248569B51D5E21820087E62D /* NSURL+Scarecrow.m */ = {isa = PBXFileReference; fileEncoding = 4; lastKnownFileType = sourcecode.c.objc; path = "NSURL+Scarecrow.m"; sourceTree = "<group>"; };
		248569B61D5E21820087E62D /* OCTEvent+AttributedString.h */ = {isa = PBXFileReference; fileEncoding = 4; lastKnownFileType = sourcecode.c.h; path = "OCTEvent+AttributedString.h"; sourceTree = "<group>"; };
		248569B71D5E21820087E62D /* OCTEvent+AttributedString.m */ = {isa = PBXFileReference; fileEncoding = 4; lastKnownFileType = sourcecode.c.objc; path = "OCTEvent+AttributedString.m"; sourceTree = "<group>"; };
		248569B81D5E21820087E62D /* OCTEvent+Persistence.h */ = {isa = PBXFileReference; fileEncoding = 4; lastKnownFileType = sourcecode.c.h; path = "OCTEvent+Persistence.h"; sourceTree = "<group>"; };
		248569B91D5E21820087E62D /* OCTEvent+Persistence.m */ = {isa = PBXFileReference; fileEncoding = 4; lastKnownFileType = sourcecode.c.objc; path = "OCTEvent+Persistence.m"; sourceTree = "<group>"; };
		248569BA1D5E21820087E62D /* OCTRef+Scarecrow.h */ = {isa = PBXFileReference; fileEncoding = 4; lastKnownFileType = sourcecode.c.h; path = "OCTRef+Scarecrow.h"; sourceTree = "<group>"; };
		248569BB1D5E21820087E62D /* OCTRef+Scarecrow.m */ = {isa = PBXFileReference; fileEncoding = 4; lastKnownFileType = sourcecode.c.objc; path = "OCTRef+Scarecrow.m"; sourceTree = "<group>"; };
		248569BC1D5E21820087E62D /* OCTUser+Persistence.h */ = {isa = PBXFileReference; fileEncoding = 4; lastKnownFileType = sourcecode.c.h; path = "OCTUser+Persistence.h"; sourceTree = "<group>"; };
		248569BD1D5E21820087E62D /* OCTUser+Persistence.m */ = {isa = PBXFileReference; fileEncoding = 4; lastKnownFileType = sourcecode.c.objc; path = "OCTUser+Persistence.m"; sourceTree = "<group>"; };
		248569BE1D5E21820087E62D /* SSKeychain+Scarecrow.h */ = {isa = PBXFileReference; fileEncoding = 4; lastKnownFileType = sourcecode.c.h; path = "SSKeychain+Scarecrow.h"; sourceTree = "<group>"; };
		248569BF1D5E21820087E62D /* SSKeychain+Scarecrow.m */ = {isa = PBXFileReference; fileEncoding = 4; lastKnownFileType = sourcecode.c.objc; path = "SSKeychain+Scarecrow.m"; sourceTree = "<group>"; };
		248569C01D5E21820087E62D /* UIColor+Scarecrow.h */ = {isa = PBXFileReference; fileEncoding = 4; lastKnownFileType = sourcecode.c.h; path = "UIColor+Scarecrow.h"; sourceTree = "<group>"; };
		248569C11D5E21820087E62D /* UIColor+Scarecrow.m */ = {isa = PBXFileReference; fileEncoding = 4; lastKnownFileType = sourcecode.c.objc; path = "UIColor+Scarecrow.m"; sourceTree = "<group>"; };
		248569C21D5E21820087E62D /* UIStoryboard+ViewModel.h */ = {isa = PBXFileReference; fileEncoding = 4; lastKnownFileType = sourcecode.c.h; path = "UIStoryboard+ViewModel.h"; sourceTree = "<group>"; };
		248569C31D5E21820087E62D /* UIStoryboard+ViewModel.m */ = {isa = PBXFileReference; fileEncoding = 4; lastKnownFileType = sourcecode.c.objc; path = "UIStoryboard+ViewModel.m"; sourceTree = "<group>"; };
		248569C51D5E21820087E62D /* ADNavigationController.h */ = {isa = PBXFileReference; fileEncoding = 4; lastKnownFileType = sourcecode.c.h; path = ADNavigationController.h; sourceTree = "<group>"; };
		248569C61D5E21820087E62D /* ADNavigationController.m */ = {isa = PBXFileReference; fileEncoding = 4; lastKnownFileType = sourcecode.c.objc; path = ADNavigationController.m; sourceTree = "<group>"; };
		248569C71D5E21820087E62D /* ADTableViewController.h */ = {isa = PBXFileReference; fileEncoding = 4; lastKnownFileType = sourcecode.c.h; path = ADTableViewController.h; sourceTree = "<group>"; };
		248569C81D5E21820087E62D /* ADTableViewController.m */ = {isa = PBXFileReference; fileEncoding = 4; lastKnownFileType = sourcecode.c.objc; path = ADTableViewController.m; sourceTree = "<group>"; };
		248569C91D5E21820087E62D /* ADViewController.h */ = {isa = PBXFileReference; fileEncoding = 4; lastKnownFileType = sourcecode.c.h; path = ADViewController.h; sourceTree = "<group>"; };
		248569CA1D5E21820087E62D /* ADViewController.m */ = {isa = PBXFileReference; fileEncoding = 4; lastKnownFileType = sourcecode.c.objc; path = ADViewController.m; sourceTree = "<group>"; };
		248569CC1D5E21820087E62D /* ADTableViewModel.h */ = {isa = PBXFileReference; fileEncoding = 4; lastKnownFileType = sourcecode.c.h; path = ADTableViewModel.h; sourceTree = "<group>"; };
		248569CD1D5E21820087E62D /* ADTableViewModel.m */ = {isa = PBXFileReference; fileEncoding = 4; lastKnownFileType = sourcecode.c.objc; path = ADTableViewModel.m; sourceTree = "<group>"; };
		248569CE1D5E21820087E62D /* ADViewModel.h */ = {isa = PBXFileReference; fileEncoding = 4; lastKnownFileType = sourcecode.c.h; path = ADViewModel.h; sourceTree = "<group>"; };
		248569CF1D5E21820087E62D /* ADViewModel.m */ = {isa = PBXFileReference; fileEncoding = 4; lastKnownFileType = sourcecode.c.objc; path = ADViewModel.m; sourceTree = "<group>"; };
		248569D11D5E21820087E62D /* ADLoadingTitleView.xib */ = {isa = PBXFileReference; fileEncoding = 4; lastKnownFileType = file.xib; path = ADLoadingTitleView.xib; sourceTree = "<group>"; };
		248569E11D5E21A90087E62D /* DEFINES.h */ = {isa = PBXFileReference; fileEncoding = 4; lastKnownFileType = sourcecode.c.h; name = DEFINES.h; path = Utils/DEFINES.h; sourceTree = "<group>"; };
		248569E21D5E21CA0087E62D /* ADWebViewModel.h */ = {isa = PBXFileReference; fileEncoding = 4; lastKnownFileType = sourcecode.c.h; path = ADWebViewModel.h; sourceTree = "<group>"; };
		248569E31D5E21CA0087E62D /* ADWebViewModel.m */ = {isa = PBXFileReference; fileEncoding = 4; lastKnownFileType = sourcecode.c.objc; path = ADWebViewModel.m; sourceTree = "<group>"; };
		248569E51D5E22110087E62D /* ADOauthViewModel.h */ = {isa = PBXFileReference; fileEncoding = 4; lastKnownFileType = sourcecode.c.h; name = ADOauthViewModel.h; path = Subscribe/ViewModel/ADOauthViewModel.h; sourceTree = "<group>"; };
		248569E61D5E22110087E62D /* ADOauthViewModel.m */ = {isa = PBXFileReference; fileEncoding = 4; lastKnownFileType = sourcecode.c.objc; name = ADOauthViewModel.m; path = Subscribe/ViewModel/ADOauthViewModel.m; sourceTree = "<group>"; };
		248569E81D5E26300087E62D /* ADWebViewController.h */ = {isa = PBXFileReference; fileEncoding = 4; lastKnownFileType = sourcecode.c.h; path = ADWebViewController.h; sourceTree = "<group>"; };
		248569E91D5E26300087E62D /* ADWebViewController.m */ = {isa = PBXFileReference; fileEncoding = 4; lastKnownFileType = sourcecode.c.objc; path = ADWebViewController.m; sourceTree = "<group>"; };
		248569EB1D5E289F0087E62D /* ADOauthViewController.h */ = {isa = PBXFileReference; fileEncoding = 4; lastKnownFileType = sourcecode.c.h; name = ADOauthViewController.h; path = Login/View/ADOauthViewController.h; sourceTree = "<group>"; };
		248569EC1D5E289F0087E62D /* ADOauthViewController.m */ = {isa = PBXFileReference; fileEncoding = 4; lastKnownFileType = sourcecode.c.objc; name = ADOauthViewController.m; path = Login/View/ADOauthViewController.m; sourceTree = "<group>"; };
		24856A0F1D5EBDDA0087E62D /* ADOauthViewController.xib */ = {isa = PBXFileReference; fileEncoding = 4; lastKnownFileType = file.xib; name = ADOauthViewController.xib; path = Login/View/ADOauthViewController.xib; sourceTree = "<group>"; };
		24A53C861D5020A200749A30 /* ADFollowingViewModel.h */ = {isa = PBXFileReference; fileEncoding = 4; lastKnownFileType = sourcecode.c.h; name = ADFollowingViewModel.h; path = Following/ViewModel/ADFollowingViewModel.h; sourceTree = "<group>"; };
		24A53C871D5020A200749A30 /* ADFollowingViewModel.m */ = {isa = PBXFileReference; fileEncoding = 4; lastKnownFileType = sourcecode.c.objc; name = ADFollowingViewModel.m; path = Following/ViewModel/ADFollowingViewModel.m; sourceTree = "<group>"; };
		24A53C8A1D50211500749A30 /* ADDiscoverViewModel.h */ = {isa = PBXFileReference; fileEncoding = 4; lastKnownFileType = sourcecode.c.h; name = ADDiscoverViewModel.h; path = Discover/ViewModel/ADDiscoverViewModel.h; sourceTree = "<group>"; };
		24A53C8B1D50211500749A30 /* ADDiscoverViewModel.m */ = {isa = PBXFileReference; fileEncoding = 4; lastKnownFileType = sourcecode.c.objc; name = ADDiscoverViewModel.m; path = Discover/ViewModel/ADDiscoverViewModel.m; sourceTree = "<group>"; };
		24A53C8E1D50214400749A30 /* ADProfileViewModel.h */ = {isa = PBXFileReference; fileEncoding = 4; lastKnownFileType = sourcecode.c.h; name = ADProfileViewModel.h; path = Profile/ViewModel/ADProfileViewModel.h; sourceTree = "<group>"; };
		24A53C8F1D50214400749A30 /* ADProfileViewModel.m */ = {isa = PBXFileReference; fileEncoding = 4; lastKnownFileType = sourcecode.c.objc; name = ADProfileViewModel.m; path = Profile/ViewModel/ADProfileViewModel.m; sourceTree = "<group>"; };
		24A53C921D50217B00749A30 /* ADRepositoriesViewModel.h */ = {isa = PBXFileReference; fileEncoding = 4; lastKnownFileType = sourcecode.c.h; name = ADRepositoriesViewModel.h; path = Repositories/ViewModel/ADRepositoriesViewModel.h; sourceTree = "<group>"; };
		24A53C931D50217B00749A30 /* ADRepositoriesViewModel.m */ = {isa = PBXFileReference; fileEncoding = 4; lastKnownFileType = sourcecode.c.objc; name = ADRepositoriesViewModel.m; path = Repositories/ViewModel/ADRepositoriesViewModel.m; sourceTree = "<group>"; };
		24B0D14E1D5F764500805A45 /* ADAvatarHeaderViewModel.h */ = {isa = PBXFileReference; fileEncoding = 4; lastKnownFileType = sourcecode.c.h; name = ADAvatarHeaderViewModel.h; path = Profile/ViewModel/ADAvatarHeaderViewModel.h; sourceTree = "<group>"; };
		24B0D14F1D5F764500805A45 /* ADAvatarHeaderViewModel.m */ = {isa = PBXFileReference; fileEncoding = 4; lastKnownFileType = sourcecode.c.objc; name = ADAvatarHeaderViewModel.m; path = Profile/ViewModel/ADAvatarHeaderViewModel.m; sourceTree = "<group>"; };
		24B0D15C1D5F780400805A45 /* ADAvatarHeaderView.h */ = {isa = PBXFileReference; fileEncoding = 4; lastKnownFileType = sourcecode.c.h; name = ADAvatarHeaderView.h; path = Profile/View/ADAvatarHeaderView.h; sourceTree = "<group>"; };
		24B0D15D1D5F780400805A45 /* ADAvatarHeaderView.m */ = {isa = PBXFileReference; fileEncoding = 4; lastKnownFileType = sourcecode.c.objc; name = ADAvatarHeaderView.m; path = Profile/View/ADAvatarHeaderView.m; sourceTree = "<group>"; };
		24B0D15F1D5F784400805A45 /* ADAvatarHeanderView.xib */ = {isa = PBXFileReference; fileEncoding = 4; lastKnownFileType = file.xib; name = ADAvatarHeanderView.xib; path = Profile/View/ADAvatarHeanderView.xib; sourceTree = "<group>"; };
		24B0D1611D5FF7BE00805A45 /* ADFollowButton.h */ = {isa = PBXFileReference; fileEncoding = 4; lastKnownFileType = sourcecode.c.h; name = ADFollowButton.h; path = Profile/View/ADFollowButton.h; sourceTree = "<group>"; };
		24B0D1621D5FF7BE00805A45 /* ADFollowButton.m */ = {isa = PBXFileReference; fileEncoding = 4; lastKnownFileType = sourcecode.c.objc; name = ADFollowButton.m; path = Profile/View/ADFollowButton.m; sourceTree = "<group>"; };
		24B0D1671D60B90500805A45 /* UIImage+Octions.h */ = {isa = PBXFileReference; fileEncoding = 4; lastKnownFileType = sourcecode.c.h; path = "UIImage+Octions.h"; sourceTree = "<group>"; };
		24B0D1681D60B90500805A45 /* UIImage+Octions.m */ = {isa = PBXFileReference; fileEncoding = 4; lastKnownFileType = sourcecode.c.objc; path = "UIImage+Octions.m"; sourceTree = "<group>"; };
		24B2DA861D52EF7B00CD93A2 /* ADSubscribeItemViewModel.h */ = {isa = PBXFileReference; fileEncoding = 4; lastKnownFileType = sourcecode.c.h; name = ADSubscribeItemViewModel.h; path = Subscribe/ViewModel/ADSubscribeItemViewModel.h; sourceTree = "<group>"; };
		24B2DA871D52EF7B00CD93A2 /* ADSubscribeItemViewModel.m */ = {isa = PBXFileReference; fileEncoding = 4; lastKnownFileType = sourcecode.c.objc; name = ADSubscribeItemViewModel.m; path = Subscribe/ViewModel/ADSubscribeItemViewModel.m; sourceTree = "<group>"; };
		A106AB193F5A36313CE52DD2 /* Pods-Scarecrow.release.xcconfig */ = {isa = PBXFileReference; includeInIndex = 1; lastKnownFileType = text.xcconfig; name = "Pods-Scarecrow.release.xcconfig"; path = "Pods/Target Support Files/Pods-Scarecrow/Pods-Scarecrow.release.xcconfig"; sourceTree = "<group>"; };
		FF4178A22B1E9BC55BED0135 /* libPods-Scarecrow.a */ = {isa = PBXFileReference; explicitFileType = archive.ar; includeInIndex = 0; path = "libPods-Scarecrow.a"; sourceTree = BUILT_PRODUCTS_DIR; };
/* End PBXFileReference section */

/* Begin PBXFrameworksBuildPhase section */
		242331231D2E36BD00EF8698 /* Frameworks */ = {
			isa = PBXFrameworksBuildPhase;
			buildActionMask = 2147483647;
			files = (
				247DF6511D5D5F0B00607526 /* OctoKit.framework in Frameworks */,
				247DF64D1D5D5F0B00607526 /* ISO8601DateFormatter.framework in Frameworks */,
				AEFB1039A36CC7EFA63B91F0 /* libPods-Scarecrow.a in Frameworks */,
				247DF6491D5D5F0B00607526 /* AFNetworking.framework in Frameworks */,
				247DF6411D5D5F0B00607526 /* ReactiveCocoa.framework in Frameworks */,
				247DF6451D5D5F0B00607526 /* Mantle.framework in Frameworks */,
			);
			runOnlyForDeploymentPostprocessing = 0;
		};
		2423313C1D2E36BD00EF8698 /* Frameworks */ = {
			isa = PBXFrameworksBuildPhase;
			buildActionMask = 2147483647;
			files = (
			);
			runOnlyForDeploymentPostprocessing = 0;
		};
		242331471D2E36BD00EF8698 /* Frameworks */ = {
			isa = PBXFrameworksBuildPhase;
			buildActionMask = 2147483647;
			files = (
			);
			runOnlyForDeploymentPostprocessing = 0;
		};
/* End PBXFrameworksBuildPhase section */

/* Begin PBXGroup section */
		115619071D43D2FD00ABA15F /* TabBar */ = {
			isa = PBXGroup;
			children = (
				115619091D43D31F00ABA15F /* View */,
				115619081D43D30A00ABA15F /* ViewModel */,
			);
			name = TabBar;
			sourceTree = "<group>";
		};
		115619081D43D30A00ABA15F /* ViewModel */ = {
			isa = PBXGroup;
			children = (
				1156190A1D43D35C00ABA15F /* ADTabBarViewModel.h */,
				1156190B1D43D35C00ABA15F /* ADTabBarViewModel.m */,
			);
			name = ViewModel;
			sourceTree = "<group>";
		};
		115619091D43D31F00ABA15F /* View */ = {
			isa = PBXGroup;
			children = (
				1156190D1D43D38900ABA15F /* TabBar.storyboard */,
				1156190F1D43D3F700ABA15F /* ADTabBarLoader.h */,
				115619101D43D3F700ABA15F /* ADTabBarLoader.m */,
				1156191A1D43DDFA00ABA15F /* ADTabBarController.h */,
				1156191B1D43DDFA00ABA15F /* ADTabBarController.m */,
			);
			name = View;
			sourceTree = "<group>";
		};
		115619121D43D45400ABA15F /* Subscribe */ = {
			isa = PBXGroup;
			children = (
				115619141D43D59A00ABA15F /* View */,
				115619131D43D58C00ABA15F /* ViewModel */,
			);
			name = Subscribe;
			sourceTree = "<group>";
		};
		115619131D43D58C00ABA15F /* ViewModel */ = {
			isa = PBXGroup;
			children = (
				115619171D43DA8D00ABA15F /* ADSubscribeViewModel.h */,
				115619181D43DA8D00ABA15F /* ADSubscribeViewModel.m */,
				24B2DA861D52EF7B00CD93A2 /* ADSubscribeItemViewModel.h */,
				24B2DA871D52EF7B00CD93A2 /* ADSubscribeItemViewModel.m */,
			);
			name = ViewModel;
			sourceTree = "<group>";
		};
		115619141D43D59A00ABA15F /* View */ = {
			isa = PBXGroup;
			children = (
				115619151D43D5DB00ABA15F /* Subscribe.storyboard */,
				115619321D44F4A100ABA15F /* ADSubscribeViewController.h */,
				115619331D44F4A100ABA15F /* ADSubscribeViewController.m */,
				2459AAA71D538ADC00FCD90F /* ADSubscribeTableViewCell.h */,
				2459AAA81D538ADC00FCD90F /* ADSubscribeTableViewCell.m */,
			);
			name = View;
			sourceTree = "<group>";
		};
		118AE3791D450D3B006DD475 /* Repositories */ = {
			isa = PBXGroup;
			children = (
				24A53C911D50214E00749A30 /* ViewModel */,
				118AE3851D450DFF006DD475 /* View */,
			);
			name = Repositories;
			sourceTree = "<group>";
		};
		118AE3851D450DFF006DD475 /* View */ = {
			isa = PBXGroup;
			children = (
				118AE3861D450E30006DD475 /* Repositories.storyboard */,
			);
			name = View;
			sourceTree = "<group>";
		};
		118AE3881D450ED4006DD475 /* Profile */ = {
			isa = PBXGroup;
			children = (
				24A53C8D1D50211C00749A30 /* ViewModel */,
				118AE3891D450EDD006DD475 /* View */,
			);
			name = Profile;
			sourceTree = "<group>";
		};
		118AE3891D450EDD006DD475 /* View */ = {
			isa = PBXGroup;
			children = (
				118AE38A1D450EFF006DD475 /* Profile.storyboard */,
				24B0D15C1D5F780400805A45 /* ADAvatarHeaderView.h */,
				24B0D15D1D5F780400805A45 /* ADAvatarHeaderView.m */,
				24B0D15F1D5F784400805A45 /* ADAvatarHeanderView.xib */,
				24B0D1611D5FF7BE00805A45 /* ADFollowButton.h */,
				24B0D1621D5FF7BE00805A45 /* ADFollowButton.m */,
				246E9DD91D62013B00ED9EC4 /* ADProfileViewController.h */,
				246E9DDA1D62013B00ED9EC4 /* ADProfileViewController.m */,
			);
			name = View;
			sourceTree = "<group>";
		};
		118AE38C1D450F52006DD475 /* Discover */ = {
			isa = PBXGroup;
			children = (
				24A53C891D5020A800749A30 /* ViewModel */,
				118AE38D1D450FA1006DD475 /* View */,
			);
			name = Discover;
			sourceTree = "<group>";
		};
		118AE38D1D450FA1006DD475 /* View */ = {
			isa = PBXGroup;
			children = (
				118AE38E1D450FBF006DD475 /* Discover.storyboard */,
			);
			name = View;
			sourceTree = "<group>";
		};
		241637C01D2FAE6100A16944 /* Core */ = {
			isa = PBXGroup;
			children = (
				246CA4171D38E69A002167A2 /* DataBase */,
				241637C11D2FAEB000A16944 /* Platform */,
			);
			name = Core;
			sourceTree = "<group>";
		};
		241637C11D2FAEB000A16944 /* Platform */ = {
			isa = PBXGroup;
			children = (
				241637C21D2FAECA00A16944 /* ADPlatformManager.h */,
				241637C31D2FAECA00A16944 /* ADPlatformManager.m */,
			);
			name = Platform;
			sourceTree = "<group>";
		};
		2423311D1D2E36BD00EF8698 = {
			isa = PBXGroup;
			children = (
				242331281D2E36BD00EF8698 /* Scarecrow */,
				242331421D2E36BD00EF8698 /* ScarecrowTests */,
				2423314D1D2E36BD00EF8698 /* ScarecrowUITests */,
				242331271D2E36BD00EF8698 /* Products */,
				9B095427F6D0D959A830A929 /* Pods */,
				C8BA914AFB0D04ACD6A79ABF /* Frameworks */,
			);
			sourceTree = "<group>";
		};
		242331271D2E36BD00EF8698 /* Products */ = {
			isa = PBXGroup;
			children = (
				242331261D2E36BD00EF8698 /* Scarecrow.app */,
				2423313F1D2E36BD00EF8698 /* ScarecrowTests.xctest */,
				2423314A1D2E36BD00EF8698 /* ScarecrowUITests.xctest */,
			);
			name = Products;
			sourceTree = "<group>";
		};
		242331281D2E36BD00EF8698 /* Scarecrow */ = {
			isa = PBXGroup;
			children = (
				243224E61D562F6C00FCCE53 /* Resource */,
				244998801D4DEEF800D6E9F7 /* Following */,
				118AE38C1D450F52006DD475 /* Discover */,
				118AE3881D450ED4006DD475 /* Profile */,
				118AE3791D450D3B006DD475 /* Repositories */,
				115619121D43D45400ABA15F /* Subscribe */,
				115619071D43D2FD00ABA15F /* TabBar */,
				241637C01D2FAE6100A16944 /* Core */,
				242331B11D2E4AEA00EF8698 /* Utils */,
				242331C31D2E525600EF8698 /* Login */,
				2423312C1D2E36BD00EF8698 /* AppDelegate.h */,
				2423312D1D2E36BD00EF8698 /* AppDelegate.m */,
				2423312F1D2E36BD00EF8698 /* ViewController.h */,
				242331301D2E36BD00EF8698 /* ViewController.m */,
				242331321D2E36BD00EF8698 /* Main.storyboard */,
				242331351D2E36BD00EF8698 /* Assets.xcassets */,
				242331291D2E36BD00EF8698 /* Supporting Files */,
			);
			path = Scarecrow;
			sourceTree = "<group>";
		};
		242331291D2E36BD00EF8698 /* Supporting Files */ = {
			isa = PBXGroup;
			children = (
				242331A51D2E3AC300EF8698 /* Scarecrow-prefix.pch */,
				242331371D2E36BD00EF8698 /* LaunchScreen.storyboard */,
				2423313A1D2E36BD00EF8698 /* Info.plist */,
				2423312A1D2E36BD00EF8698 /* main.m */,
				1118EC081D33ED060099B82B /* configure.h */,
			);
			name = "Supporting Files";
			sourceTree = "<group>";
		};
		242331421D2E36BD00EF8698 /* ScarecrowTests */ = {
			isa = PBXGroup;
			children = (
				242331431D2E36BD00EF8698 /* ScarecrowTests.m */,
				242331451D2E36BD00EF8698 /* Info.plist */,
			);
			path = ScarecrowTests;
			sourceTree = "<group>";
		};
		2423314D1D2E36BD00EF8698 /* ScarecrowUITests */ = {
			isa = PBXGroup;
			children = (
				2423314E1D2E36BD00EF8698 /* ScarecrowUITests.m */,
				242331501D2E36BD00EF8698 /* Info.plist */,
			);
			path = ScarecrowUITests;
			sourceTree = "<group>";
		};
		2423315D1D2E387500EF8698 /* Products */ = {
			isa = PBXGroup;
			children = (
				242331651D2E387600EF8698 /* OctoKit.framework */,
				242331671D2E387600EF8698 /* OctoKit Mac Tests.xctest */,
				242331691D2E387600EF8698 /* OctoKit.framework */,
				2423316B1D2E387600EF8698 /* OctoKit iOS Tests.xctest */,
			);
			name = Products;
			sourceTree = "<group>";
		};
		2423316D1D2E388E00EF8698 /* Products */ = {
			isa = PBXGroup;
			children = (
				242331741D2E388E00EF8698 /* AFNetworking.framework */,
				242331761D2E388E00EF8698 /* AFNetworking.framework */,
				242331781D2E388E00EF8698 /* ISO8601DateFormatter.framework */,
				2423317A1D2E388E00EF8698 /* ISO8601DateFormatter.framework */,
			);
			name = Products;
			sourceTree = "<group>";
		};
		2423317C1D2E389900EF8698 /* Products */ = {
			isa = PBXGroup;
			children = (
				242331831D2E389900EF8698 /* Mantle.framework */,
				242331851D2E389900EF8698 /* Mantle-MacTests.xctest */,
				242331871D2E389900EF8698 /* Mantle.framework */,
				242331891D2E389900EF8698 /* Mantle-iOSTests.xctest */,
			);
			name = Products;
			sourceTree = "<group>";
		};
		2423318B1D2E38A900EF8698 /* Products */ = {
			isa = PBXGroup;
			children = (
				242331921D2E38A900EF8698 /* ReactiveCocoa.framework */,
				242331941D2E38A900EF8698 /* ReactiveCocoa-MacTests.xctest */,
				242331961D2E38A900EF8698 /* ReactiveCocoa.framework */,
				242331981D2E38A900EF8698 /* ReactiveCocoa-iOSTests.xctest */,
			);
			name = Products;
			sourceTree = "<group>";
		};
		242331B11D2E4AEA00EF8698 /* Utils */ = {
			isa = PBXGroup;
			children = (
				248569E11D5E21A90087E62D /* DEFINES.h */,
				248569B11D5E21820087E62D /* Category */,
				248569C41D5E21820087E62D /* ViewControllers */,
				248569CB1D5E21820087E62D /* ViewModels */,
				248569D01D5E21820087E62D /* Views */,
			);
			name = Utils;
			sourceTree = "<group>";
		};
		242331C31D2E525600EF8698 /* Login */ = {
			isa = PBXGroup;
			children = (
				242331C61D2E529400EF8698 /* View */,
				242331C51D2E528E00EF8698 /* ViewModel */,
			);
			name = Login;
			sourceTree = "<group>";
		};
		242331C51D2E528E00EF8698 /* ViewModel */ = {
			isa = PBXGroup;
			children = (
				11042D811D2EADC700EECC07 /* ADLoginViewModel.h */,
				11042D821D2EADC700EECC07 /* ADLoginViewModel.m */,
				248569E51D5E22110087E62D /* ADOauthViewModel.h */,
				248569E61D5E22110087E62D /* ADOauthViewModel.m */,
			);
			name = ViewModel;
			sourceTree = "<group>";
		};
		242331C61D2E529400EF8698 /* View */ = {
			isa = PBXGroup;
			children = (
				242331C71D2E52B500EF8698 /* login.storyboard */,
				242331C91D2E52D900EF8698 /* ADLoginViewController.h */,
				242331CA1D2E52D900EF8698 /* ADLoginViewController.m */,
				11042D6E1D2EA8C100EECC07 /* ADLoginAnimation.h */,
				11042D6F1D2EA8C100EECC07 /* ADLoginAnimation.m */,
				248569EB1D5E289F0087E62D /* ADOauthViewController.h */,
				248569EC1D5E289F0087E62D /* ADOauthViewController.m */,
				24856A0F1D5EBDDA0087E62D /* ADOauthViewController.xib */,
			);
			name = View;
			sourceTree = "<group>";
		};
		243224E61D562F6C00FCCE53 /* Resource */ = {
			isa = PBXGroup;
			children = (
			);
			name = Resource;
			sourceTree = "<group>";
		};
		244998801D4DEEF800D6E9F7 /* Following */ = {
			isa = PBXGroup;
			children = (
				24A53C7A1D50206E00749A30 /* ViewModel */,
				2449988C1D4DEF0300D6E9F7 /* View */,
			);
			name = Following;
			sourceTree = "<group>";
		};
		2449988C1D4DEF0300D6E9F7 /* View */ = {
			isa = PBXGroup;
			children = (
				2449988D1D4DEF2F00D6E9F7 /* Following.storyboard */,
			);
			name = View;
			sourceTree = "<group>";
		};
		246CA4171D38E69A002167A2 /* DataBase */ = {
			isa = PBXGroup;
			children = (
				246CA4231D38E6D0002167A2 /* ADDataBase.h */,
				246CA4241D38E6D0002167A2 /* ADDataBase.m */,
			);
			name = DataBase;
			sourceTree = "<group>";
		};
		248569B11D5E21820087E62D /* Category */ = {
			isa = PBXGroup;
			children = (
				248569B21D5E21820087E62D /* NSMutableAttributedString+Scarecrow.h */,
				248569B31D5E21820087E62D /* NSMutableAttributedString+Scarecrow.m */,
				248569B41D5E21820087E62D /* NSURL+Scarecrow.h */,
				248569B51D5E21820087E62D /* NSURL+Scarecrow.m */,
				248569B61D5E21820087E62D /* OCTEvent+AttributedString.h */,
				248569B71D5E21820087E62D /* OCTEvent+AttributedString.m */,
				248569B81D5E21820087E62D /* OCTEvent+Persistence.h */,
				248569B91D5E21820087E62D /* OCTEvent+Persistence.m */,
				248569BA1D5E21820087E62D /* OCTRef+Scarecrow.h */,
				248569BB1D5E21820087E62D /* OCTRef+Scarecrow.m */,
				248569BC1D5E21820087E62D /* OCTUser+Persistence.h */,
				248569BD1D5E21820087E62D /* OCTUser+Persistence.m */,
				248569BE1D5E21820087E62D /* SSKeychain+Scarecrow.h */,
				248569BF1D5E21820087E62D /* SSKeychain+Scarecrow.m */,
				248569C01D5E21820087E62D /* UIColor+Scarecrow.h */,
				248569C11D5E21820087E62D /* UIColor+Scarecrow.m */,
				248569C21D5E21820087E62D /* UIStoryboard+ViewModel.h */,
				248569C31D5E21820087E62D /* UIStoryboard+ViewModel.m */,
				24B0D1671D60B90500805A45 /* UIImage+Octions.h */,
				24B0D1681D60B90500805A45 /* UIImage+Octions.m */,
			);
			name = Category;
			path = Utils/Category;
			sourceTree = "<group>";
		};
		248569C41D5E21820087E62D /* ViewControllers */ = {
			isa = PBXGroup;
			children = (
				248569C51D5E21820087E62D /* ADNavigationController.h */,
				248569C61D5E21820087E62D /* ADNavigationController.m */,
				248569C71D5E21820087E62D /* ADTableViewController.h */,
				248569C81D5E21820087E62D /* ADTableViewController.m */,
				248569C91D5E21820087E62D /* ADViewController.h */,
				248569CA1D5E21820087E62D /* ADViewController.m */,
				248569E81D5E26300087E62D /* ADWebViewController.h */,
				248569E91D5E26300087E62D /* ADWebViewController.m */,
				246E9E061D637BC700ED9EC4 /* ADWebViewController.xib */,
			);
			name = ViewControllers;
			path = Utils/ViewControllers;
			sourceTree = "<group>";
		};
		248569CB1D5E21820087E62D /* ViewModels */ = {
			isa = PBXGroup;
			children = (
				248569CC1D5E21820087E62D /* ADTableViewModel.h */,
				248569CD1D5E21820087E62D /* ADTableViewModel.m */,
				248569CE1D5E21820087E62D /* ADViewModel.h */,
				248569CF1D5E21820087E62D /* ADViewModel.m */,
				248569E21D5E21CA0087E62D /* ADWebViewModel.h */,
				248569E31D5E21CA0087E62D /* ADWebViewModel.m */,
			);
			name = ViewModels;
			path = Utils/ViewModels;
			sourceTree = "<group>";
		};
		248569D01D5E21820087E62D /* Views */ = {
			isa = PBXGroup;
			children = (
				248569D11D5E21820087E62D /* ADLoadingTitleView.xib */,
			);
			name = Views;
			path = Utils/Views;
			sourceTree = "<group>";
		};
		24A53C7A1D50206E00749A30 /* ViewModel */ = {
			isa = PBXGroup;
			children = (
				24A53C861D5020A200749A30 /* ADFollowingViewModel.h */,
				24A53C871D5020A200749A30 /* ADFollowingViewModel.m */,
			);
			name = ViewModel;
			sourceTree = "<group>";
		};
		24A53C891D5020A800749A30 /* ViewModel */ = {
			isa = PBXGroup;
			children = (
				24A53C8A1D50211500749A30 /* ADDiscoverViewModel.h */,
				24A53C8B1D50211500749A30 /* ADDiscoverViewModel.m */,
			);
			name = ViewModel;
			sourceTree = "<group>";
		};
		24A53C8D1D50211C00749A30 /* ViewModel */ = {
			isa = PBXGroup;
			children = (
				24A53C8E1D50214400749A30 /* ADProfileViewModel.h */,
				24A53C8F1D50214400749A30 /* ADProfileViewModel.m */,
				24B0D14E1D5F764500805A45 /* ADAvatarHeaderViewModel.h */,
				24B0D14F1D5F764500805A45 /* ADAvatarHeaderViewModel.m */,
			);
			name = ViewModel;
			sourceTree = "<group>";
		};
		24A53C911D50214E00749A30 /* ViewModel */ = {
			isa = PBXGroup;
			children = (
				24A53C921D50217B00749A30 /* ADRepositoriesViewModel.h */,
				24A53C931D50217B00749A30 /* ADRepositoriesViewModel.m */,
			);
			name = ViewModel;
			sourceTree = "<group>";
		};
		9B095427F6D0D959A830A929 /* Pods */ = {
			isa = PBXGroup;
			children = (
				0F1B985E458E72E81AC860FA /* Pods-Scarecrow.debug.xcconfig */,
				A106AB193F5A36313CE52DD2 /* Pods-Scarecrow.release.xcconfig */,
			);
			name = Pods;
			sourceTree = "<group>";
		};
		C8BA914AFB0D04ACD6A79ABF /* Frameworks */ = {
			isa = PBXGroup;
			children = (
				2423318A1D2E38A900EF8698 /* ReactiveCocoa.xcodeproj */,
				2423317B1D2E389900EF8698 /* Mantle.xcodeproj */,
				2423316C1D2E388E00EF8698 /* OctoKitDependencies.xcodeproj */,
				2423315C1D2E387500EF8698 /* OctoKit.xcodeproj */,
				FF4178A22B1E9BC55BED0135 /* libPods-Scarecrow.a */,
			);
			name = Frameworks;
			sourceTree = "<group>";
		};
/* End PBXGroup section */

/* Begin PBXNativeTarget section */
		242331251D2E36BD00EF8698 /* Scarecrow */ = {
			isa = PBXNativeTarget;
			buildConfigurationList = 242331531D2E36BD00EF8698 /* Build configuration list for PBXNativeTarget "Scarecrow" */;
			buildPhases = (
				2D0EA600EA86CC4B92C6E8F0 /* 📦 Check Pods Manifest.lock */,
				C02CB333B70F6A18601D519C /* [CP] Check Pods Manifest.lock */,
				33612B78137712FE068D60ED /* [CP] Check Pods Manifest.lock */,
				242331221D2E36BD00EF8698 /* Sources */,
				242331231D2E36BD00EF8698 /* Frameworks */,
				242331241D2E36BD00EF8698 /* Resources */,
				6DAC8ABC26F7DBB0C9C60B7D /* [CP] Embed Pods Frameworks */,
				099C78DEE15379CF10314BBA /* [CP] Copy Pods Resources */,
				82C9487A87AD23840917D8E9 /* 📦 Embed Pods Frameworks */,
				1815EE930D091CF5271E3FCD /* 📦 Copy Pods Resources */,
				247DF6551D5D5F0B00607526 /* Embed Frameworks */,
			);
			buildRules = (
			);
			dependencies = (
				2423319B1D2E393600EF8698 /* PBXTargetDependency */,
				2423319D1D2E393600EF8698 /* PBXTargetDependency */,
				2423319F1D2E393600EF8698 /* PBXTargetDependency */,
				242331A11D2E393600EF8698 /* PBXTargetDependency */,
				242331A31D2E393600EF8698 /* PBXTargetDependency */,
				247DF6441D5D5F0B00607526 /* PBXTargetDependency */,
				247DF6481D5D5F0B00607526 /* PBXTargetDependency */,
				247DF64C1D5D5F0B00607526 /* PBXTargetDependency */,
				247DF6501D5D5F0B00607526 /* PBXTargetDependency */,
				247DF6541D5D5F0B00607526 /* PBXTargetDependency */,
			);
			name = Scarecrow;
			productName = Scarecrow;
			productReference = 242331261D2E36BD00EF8698 /* Scarecrow.app */;
			productType = "com.apple.product-type.application";
		};
		2423313E1D2E36BD00EF8698 /* ScarecrowTests */ = {
			isa = PBXNativeTarget;
			buildConfigurationList = 242331561D2E36BD00EF8698 /* Build configuration list for PBXNativeTarget "ScarecrowTests" */;
			buildPhases = (
				2423313B1D2E36BD00EF8698 /* Sources */,
				2423313C1D2E36BD00EF8698 /* Frameworks */,
				2423313D1D2E36BD00EF8698 /* Resources */,
			);
			buildRules = (
			);
			dependencies = (
				242331411D2E36BD00EF8698 /* PBXTargetDependency */,
			);
			name = ScarecrowTests;
			productName = ScarecrowTests;
			productReference = 2423313F1D2E36BD00EF8698 /* ScarecrowTests.xctest */;
			productType = "com.apple.product-type.bundle.unit-test";
		};
		242331491D2E36BD00EF8698 /* ScarecrowUITests */ = {
			isa = PBXNativeTarget;
			buildConfigurationList = 242331591D2E36BD00EF8698 /* Build configuration list for PBXNativeTarget "ScarecrowUITests" */;
			buildPhases = (
				242331461D2E36BD00EF8698 /* Sources */,
				242331471D2E36BD00EF8698 /* Frameworks */,
				242331481D2E36BD00EF8698 /* Resources */,
			);
			buildRules = (
			);
			dependencies = (
				2423314C1D2E36BD00EF8698 /* PBXTargetDependency */,
			);
			name = ScarecrowUITests;
			productName = ScarecrowUITests;
			productReference = 2423314A1D2E36BD00EF8698 /* ScarecrowUITests.xctest */;
			productType = "com.apple.product-type.bundle.ui-testing";
		};
/* End PBXNativeTarget section */

/* Begin PBXProject section */
		2423311E1D2E36BD00EF8698 /* Project object */ = {
			isa = PBXProject;
			attributes = {
				LastUpgradeCheck = 0730;
				ORGANIZATIONNAME = duanhongjin;
				TargetAttributes = {
					242331251D2E36BD00EF8698 = {
						CreatedOnToolsVersion = 7.3.1;
					};
					2423313E1D2E36BD00EF8698 = {
						CreatedOnToolsVersion = 7.3.1;
						TestTargetID = 242331251D2E36BD00EF8698;
					};
					242331491D2E36BD00EF8698 = {
						CreatedOnToolsVersion = 7.3.1;
						TestTargetID = 242331251D2E36BD00EF8698;
					};
				};
			};
			buildConfigurationList = 242331211D2E36BD00EF8698 /* Build configuration list for PBXProject "Scarecrow" */;
			compatibilityVersion = "Xcode 3.2";
			developmentRegion = English;
			hasScannedForEncodings = 0;
			knownRegions = (
				en,
				Base,
			);
			mainGroup = 2423311D1D2E36BD00EF8698;
			productRefGroup = 242331271D2E36BD00EF8698 /* Products */;
			projectDirPath = "";
			projectReferences = (
				{
					ProductGroup = 2423317C1D2E389900EF8698 /* Products */;
					ProjectRef = 2423317B1D2E389900EF8698 /* Mantle.xcodeproj */;
				},
				{
					ProductGroup = 2423315D1D2E387500EF8698 /* Products */;
					ProjectRef = 2423315C1D2E387500EF8698 /* OctoKit.xcodeproj */;
				},
				{
					ProductGroup = 2423316D1D2E388E00EF8698 /* Products */;
					ProjectRef = 2423316C1D2E388E00EF8698 /* OctoKitDependencies.xcodeproj */;
				},
				{
					ProductGroup = 2423318B1D2E38A900EF8698 /* Products */;
					ProjectRef = 2423318A1D2E38A900EF8698 /* ReactiveCocoa.xcodeproj */;
				},
			);
			projectRoot = "";
			targets = (
				242331251D2E36BD00EF8698 /* Scarecrow */,
				2423313E1D2E36BD00EF8698 /* ScarecrowTests */,
				242331491D2E36BD00EF8698 /* ScarecrowUITests */,
			);
		};
/* End PBXProject section */

/* Begin PBXReferenceProxy section */
		242331651D2E387600EF8698 /* OctoKit.framework */ = {
			isa = PBXReferenceProxy;
			fileType = wrapper.framework;
			path = OctoKit.framework;
			remoteRef = 242331641D2E387600EF8698 /* PBXContainerItemProxy */;
			sourceTree = BUILT_PRODUCTS_DIR;
		};
		242331671D2E387600EF8698 /* OctoKit Mac Tests.xctest */ = {
			isa = PBXReferenceProxy;
			fileType = wrapper.cfbundle;
			path = "OctoKit Mac Tests.xctest";
			remoteRef = 242331661D2E387600EF8698 /* PBXContainerItemProxy */;
			sourceTree = BUILT_PRODUCTS_DIR;
		};
		242331691D2E387600EF8698 /* OctoKit.framework */ = {
			isa = PBXReferenceProxy;
			fileType = wrapper.framework;
			path = OctoKit.framework;
			remoteRef = 242331681D2E387600EF8698 /* PBXContainerItemProxy */;
			sourceTree = BUILT_PRODUCTS_DIR;
		};
		2423316B1D2E387600EF8698 /* OctoKit iOS Tests.xctest */ = {
			isa = PBXReferenceProxy;
			fileType = wrapper.cfbundle;
			path = "OctoKit iOS Tests.xctest";
			remoteRef = 2423316A1D2E387600EF8698 /* PBXContainerItemProxy */;
			sourceTree = BUILT_PRODUCTS_DIR;
		};
		242331741D2E388E00EF8698 /* AFNetworking.framework */ = {
			isa = PBXReferenceProxy;
			fileType = wrapper.framework;
			path = AFNetworking.framework;
			remoteRef = 242331731D2E388E00EF8698 /* PBXContainerItemProxy */;
			sourceTree = BUILT_PRODUCTS_DIR;
		};
		242331761D2E388E00EF8698 /* AFNetworking.framework */ = {
			isa = PBXReferenceProxy;
			fileType = wrapper.framework;
			path = AFNetworking.framework;
			remoteRef = 242331751D2E388E00EF8698 /* PBXContainerItemProxy */;
			sourceTree = BUILT_PRODUCTS_DIR;
		};
		242331781D2E388E00EF8698 /* ISO8601DateFormatter.framework */ = {
			isa = PBXReferenceProxy;
			fileType = wrapper.framework;
			path = ISO8601DateFormatter.framework;
			remoteRef = 242331771D2E388E00EF8698 /* PBXContainerItemProxy */;
			sourceTree = BUILT_PRODUCTS_DIR;
		};
		2423317A1D2E388E00EF8698 /* ISO8601DateFormatter.framework */ = {
			isa = PBXReferenceProxy;
			fileType = wrapper.framework;
			path = ISO8601DateFormatter.framework;
			remoteRef = 242331791D2E388E00EF8698 /* PBXContainerItemProxy */;
			sourceTree = BUILT_PRODUCTS_DIR;
		};
		242331831D2E389900EF8698 /* Mantle.framework */ = {
			isa = PBXReferenceProxy;
			fileType = wrapper.framework;
			path = Mantle.framework;
			remoteRef = 242331821D2E389900EF8698 /* PBXContainerItemProxy */;
			sourceTree = BUILT_PRODUCTS_DIR;
		};
		242331851D2E389900EF8698 /* Mantle-MacTests.xctest */ = {
			isa = PBXReferenceProxy;
			fileType = wrapper.cfbundle;
			path = "Mantle-MacTests.xctest";
			remoteRef = 242331841D2E389900EF8698 /* PBXContainerItemProxy */;
			sourceTree = BUILT_PRODUCTS_DIR;
		};
		242331871D2E389900EF8698 /* Mantle.framework */ = {
			isa = PBXReferenceProxy;
			fileType = wrapper.framework;
			path = Mantle.framework;
			remoteRef = 242331861D2E389900EF8698 /* PBXContainerItemProxy */;
			sourceTree = BUILT_PRODUCTS_DIR;
		};
		242331891D2E389900EF8698 /* Mantle-iOSTests.xctest */ = {
			isa = PBXReferenceProxy;
			fileType = wrapper.cfbundle;
			path = "Mantle-iOSTests.xctest";
			remoteRef = 242331881D2E389900EF8698 /* PBXContainerItemProxy */;
			sourceTree = BUILT_PRODUCTS_DIR;
		};
		242331921D2E38A900EF8698 /* ReactiveCocoa.framework */ = {
			isa = PBXReferenceProxy;
			fileType = wrapper.framework;
			path = ReactiveCocoa.framework;
			remoteRef = 242331911D2E38A900EF8698 /* PBXContainerItemProxy */;
			sourceTree = BUILT_PRODUCTS_DIR;
		};
		242331941D2E38A900EF8698 /* ReactiveCocoa-MacTests.xctest */ = {
			isa = PBXReferenceProxy;
			fileType = wrapper.cfbundle;
			path = "ReactiveCocoa-MacTests.xctest";
			remoteRef = 242331931D2E38A900EF8698 /* PBXContainerItemProxy */;
			sourceTree = BUILT_PRODUCTS_DIR;
		};
		242331961D2E38A900EF8698 /* ReactiveCocoa.framework */ = {
			isa = PBXReferenceProxy;
			fileType = wrapper.framework;
			path = ReactiveCocoa.framework;
			remoteRef = 242331951D2E38A900EF8698 /* PBXContainerItemProxy */;
			sourceTree = BUILT_PRODUCTS_DIR;
		};
		242331981D2E38A900EF8698 /* ReactiveCocoa-iOSTests.xctest */ = {
			isa = PBXReferenceProxy;
			fileType = wrapper.cfbundle;
			path = "ReactiveCocoa-iOSTests.xctest";
			remoteRef = 242331971D2E38A900EF8698 /* PBXContainerItemProxy */;
			sourceTree = BUILT_PRODUCTS_DIR;
		};
/* End PBXReferenceProxy section */

/* Begin PBXResourcesBuildPhase section */
		242331241D2E36BD00EF8698 /* Resources */ = {
			isa = PBXResourcesBuildPhase;
			buildActionMask = 2147483647;
			files = (
				2449988E1D4DEF2F00D6E9F7 /* Following.storyboard in Resources */,
				248569E01D5E21820087E62D /* ADLoadingTitleView.xib in Resources */,
				1156190E1D43D38900ABA15F /* TabBar.storyboard in Resources */,
				24B0D1601D5F784400805A45 /* ADAvatarHeanderView.xib in Resources */,
				24856A111D5EBDDA0087E62D /* ADOauthViewController.xib in Resources */,
				242331C81D2E52B500EF8698 /* login.storyboard in Resources */,
				118AE38B1D450EFF006DD475 /* Profile.storyboard in Resources */,
				118AE3871D450E30006DD475 /* Repositories.storyboard in Resources */,
				242331391D2E36BD00EF8698 /* LaunchScreen.storyboard in Resources */,
				242331361D2E36BD00EF8698 /* Assets.xcassets in Resources */,
				242331341D2E36BD00EF8698 /* Main.storyboard in Resources */,
				115619161D43D5DB00ABA15F /* Subscribe.storyboard in Resources */,
				246E9E071D637BC700ED9EC4 /* ADWebViewController.xib in Resources */,
				118AE38F1D450FBF006DD475 /* Discover.storyboard in Resources */,
			);
			runOnlyForDeploymentPostprocessing = 0;
		};
		2423313D1D2E36BD00EF8698 /* Resources */ = {
			isa = PBXResourcesBuildPhase;
			buildActionMask = 2147483647;
			files = (
			);
			runOnlyForDeploymentPostprocessing = 0;
		};
		242331481D2E36BD00EF8698 /* Resources */ = {
			isa = PBXResourcesBuildPhase;
			buildActionMask = 2147483647;
			files = (
			);
			runOnlyForDeploymentPostprocessing = 0;
		};
/* End PBXResourcesBuildPhase section */

/* Begin PBXShellScriptBuildPhase section */
		099C78DEE15379CF10314BBA /* [CP] Copy Pods Resources */ = {
			isa = PBXShellScriptBuildPhase;
			buildActionMask = 2147483647;
			files = (
			);
			inputPaths = (
			);
			name = "[CP] Copy Pods Resources";
			outputPaths = (
			);
			runOnlyForDeploymentPostprocessing = 0;
			shellPath = /bin/sh;
			shellScript = "\"${SRCROOT}/Pods/Target Support Files/Pods-Scarecrow/Pods-Scarecrow-resources.sh\"\n";
			showEnvVarsInLog = 0;
		};
		1815EE930D091CF5271E3FCD /* 📦 Copy Pods Resources */ = {
			isa = PBXShellScriptBuildPhase;
			buildActionMask = 2147483647;
			files = (
			);
			inputPaths = (
			);
			name = "📦 Copy Pods Resources";
			outputPaths = (
			);
			runOnlyForDeploymentPostprocessing = 0;
			shellPath = /bin/sh;
			shellScript = "\"${SRCROOT}/Pods/Target Support Files/Pods-Scarecrow/Pods-Scarecrow-resources.sh\"\n";
			showEnvVarsInLog = 0;
		};
		2D0EA600EA86CC4B92C6E8F0 /* 📦 Check Pods Manifest.lock */ = {
			isa = PBXShellScriptBuildPhase;
			buildActionMask = 2147483647;
			files = (
			);
			inputPaths = (
			);
			name = "📦 Check Pods Manifest.lock";
			outputPaths = (
			);
			runOnlyForDeploymentPostprocessing = 0;
			shellPath = /bin/sh;
			shellScript = "diff \"${PODS_ROOT}/../Podfile.lock\" \"${PODS_ROOT}/Manifest.lock\" > /dev/null\nif [[ $? != 0 ]] ; then\n    cat << EOM\nerror: The sandbox is not in sync with the Podfile.lock. Run 'pod install' or update your CocoaPods installation.\nEOM\n    exit 1\nfi\n";
			showEnvVarsInLog = 0;
		};
		33612B78137712FE068D60ED /* [CP] Check Pods Manifest.lock */ = {
			isa = PBXShellScriptBuildPhase;
			buildActionMask = 2147483647;
			files = (
			);
			inputPaths = (
			);
			name = "[CP] Check Pods Manifest.lock";
			outputPaths = (
			);
			runOnlyForDeploymentPostprocessing = 0;
			shellPath = /bin/sh;
			shellScript = "diff \"${PODS_ROOT}/../Podfile.lock\" \"${PODS_ROOT}/Manifest.lock\" > /dev/null\nif [[ $? != 0 ]] ; then\n    cat << EOM\nerror: The sandbox is not in sync with the Podfile.lock. Run 'pod install' or update your CocoaPods installation.\nEOM\n    exit 1\nfi\n";
			showEnvVarsInLog = 0;
		};
		6DAC8ABC26F7DBB0C9C60B7D /* [CP] Embed Pods Frameworks */ = {
			isa = PBXShellScriptBuildPhase;
			buildActionMask = 2147483647;
			files = (
			);
			inputPaths = (
			);
			name = "[CP] Embed Pods Frameworks";
			outputPaths = (
			);
			runOnlyForDeploymentPostprocessing = 0;
			shellPath = /bin/sh;
			shellScript = "\"${SRCROOT}/Pods/Target Support Files/Pods-Scarecrow/Pods-Scarecrow-frameworks.sh\"\n";
			showEnvVarsInLog = 0;
		};
		82C9487A87AD23840917D8E9 /* 📦 Embed Pods Frameworks */ = {
			isa = PBXShellScriptBuildPhase;
			buildActionMask = 2147483647;
			files = (
			);
			inputPaths = (
			);
			name = "📦 Embed Pods Frameworks";
			outputPaths = (
			);
			runOnlyForDeploymentPostprocessing = 0;
			shellPath = /bin/sh;
			shellScript = "\"${SRCROOT}/Pods/Target Support Files/Pods-Scarecrow/Pods-Scarecrow-frameworks.sh\"\n";
			showEnvVarsInLog = 0;
		};
		C02CB333B70F6A18601D519C /* [CP] Check Pods Manifest.lock */ = {
			isa = PBXShellScriptBuildPhase;
			buildActionMask = 2147483647;
			files = (
			);
			inputPaths = (
			);
			name = "[CP] Check Pods Manifest.lock";
			outputPaths = (
			);
			runOnlyForDeploymentPostprocessing = 0;
			shellPath = /bin/sh;
			shellScript = "diff \"${PODS_ROOT}/../Podfile.lock\" \"${PODS_ROOT}/Manifest.lock\" > /dev/null\nif [[ $? != 0 ]] ; then\n    cat << EOM\nerror: The sandbox is not in sync with the Podfile.lock. Run 'pod install' or update your CocoaPods installation.\nEOM\n    exit 1\nfi\n";
			showEnvVarsInLog = 0;
		};
/* End PBXShellScriptBuildPhase section */

/* Begin PBXSourcesBuildPhase section */
		242331221D2E36BD00EF8698 /* Sources */ = {
			isa = PBXSourcesBuildPhase;
			buildActionMask = 2147483647;
			files = (
				248569D71D5E21820087E62D /* OCTUser+Persistence.m in Sources */,
				246CA4251D38E6D0002167A2 /* ADDataBase.m in Sources */,
				11042D701D2EA8C100EECC07 /* ADLoginAnimation.m in Sources */,
				24B2DA881D52EF7B00CD93A2 /* ADSubscribeItemViewModel.m in Sources */,
				248569DC1D5E21820087E62D /* ADTableViewController.m in Sources */,
				246E9DDB1D62013B00ED9EC4 /* ADProfileViewController.m in Sources */,
				1156191C1D43DDFA00ABA15F /* ADTabBarController.m in Sources */,
				248569DE1D5E21820087E62D /* ADTableViewModel.m in Sources */,
				248569D31D5E21820087E62D /* NSURL+Scarecrow.m in Sources */,
				242331CB1D2E52D900EF8698 /* ADLoginViewController.m in Sources */,
				115619341D44F4A100ABA15F /* ADSubscribeViewController.m in Sources */,
				242331311D2E36BD00EF8698 /* ViewController.m in Sources */,
				115619111D43D3F700ABA15F /* ADTabBarLoader.m in Sources */,
				24A53C901D50214400749A30 /* ADProfileViewModel.m in Sources */,
				248569D81D5E21820087E62D /* SSKeychain+Scarecrow.m in Sources */,
				24B0D1691D60B90500805A45 /* UIImage+Octions.m in Sources */,
				248569EA1D5E26300087E62D /* ADWebViewController.m in Sources */,
				24B0D1631D5FF7BE00805A45 /* ADFollowButton.m in Sources */,
				248569E41D5E21CA0087E62D /* ADWebViewModel.m in Sources */,
				2423312E1D2E36BD00EF8698 /* AppDelegate.m in Sources */,
				24A53C941D50217B00749A30 /* ADRepositoriesViewModel.m in Sources */,
				24B0D1501D5F764500805A45 /* ADAvatarHeaderViewModel.m in Sources */,
				248569D61D5E21820087E62D /* OCTRef+Scarecrow.m in Sources */,
				2423312B1D2E36BD00EF8698 /* main.m in Sources */,
				2459AAA91D538ADC00FCD90F /* ADSubscribeTableViewCell.m in Sources */,
				248569DA1D5E21820087E62D /* UIStoryboard+ViewModel.m in Sources */,
				248569D91D5E21820087E62D /* UIColor+Scarecrow.m in Sources */,
				1156190C1D43D35C00ABA15F /* ADTabBarViewModel.m in Sources */,
				241637C41D2FAECA00A16944 /* ADPlatformManager.m in Sources */,
				24B0D15E1D5F780400805A45 /* ADAvatarHeaderView.m in Sources */,
				248569D41D5E21820087E62D /* OCTEvent+AttributedString.m in Sources */,
				24A53C881D5020A200749A30 /* ADFollowingViewModel.m in Sources */,
				248569D51D5E21820087E62D /* OCTEvent+Persistence.m in Sources */,
				24A53C8C1D50211500749A30 /* ADDiscoverViewModel.m in Sources */,
				248569DD1D5E21820087E62D /* ADViewController.m in Sources */,
				248569ED1D5E289F0087E62D /* ADOauthViewController.m in Sources */,
				248569DF1D5E21820087E62D /* ADViewModel.m in Sources */,
				11042D831D2EADC700EECC07 /* ADLoginViewModel.m in Sources */,
				248569E71D5E22110087E62D /* ADOauthViewModel.m in Sources */,
				248569D21D5E21820087E62D /* NSMutableAttributedString+Scarecrow.m in Sources */,
				248569DB1D5E21820087E62D /* ADNavigationController.m in Sources */,
				115619191D43DA8D00ABA15F /* ADSubscribeViewModel.m in Sources */,
			);
			runOnlyForDeploymentPostprocessing = 0;
		};
		2423313B1D2E36BD00EF8698 /* Sources */ = {
			isa = PBXSourcesBuildPhase;
			buildActionMask = 2147483647;
			files = (
				242331441D2E36BD00EF8698 /* ScarecrowTests.m in Sources */,
			);
			runOnlyForDeploymentPostprocessing = 0;
		};
		242331461D2E36BD00EF8698 /* Sources */ = {
			isa = PBXSourcesBuildPhase;
			buildActionMask = 2147483647;
			files = (
				2423314F1D2E36BD00EF8698 /* ScarecrowUITests.m in Sources */,
			);
			runOnlyForDeploymentPostprocessing = 0;
		};
/* End PBXSourcesBuildPhase section */

/* Begin PBXTargetDependency section */
		242331411D2E36BD00EF8698 /* PBXTargetDependency */ = {
			isa = PBXTargetDependency;
			target = 242331251D2E36BD00EF8698 /* Scarecrow */;
			targetProxy = 242331401D2E36BD00EF8698 /* PBXContainerItemProxy */;
		};
		2423314C1D2E36BD00EF8698 /* PBXTargetDependency */ = {
			isa = PBXTargetDependency;
			target = 242331251D2E36BD00EF8698 /* Scarecrow */;
			targetProxy = 2423314B1D2E36BD00EF8698 /* PBXContainerItemProxy */;
		};
		2423319B1D2E393600EF8698 /* PBXTargetDependency */ = {
			isa = PBXTargetDependency;
			name = "ReactiveCocoa-iOS";
			targetProxy = 2423319A1D2E393600EF8698 /* PBXContainerItemProxy */;
		};
		2423319D1D2E393600EF8698 /* PBXTargetDependency */ = {
			isa = PBXTargetDependency;
			name = "Mantle-iOS";
			targetProxy = 2423319C1D2E393600EF8698 /* PBXContainerItemProxy */;
		};
		2423319F1D2E393600EF8698 /* PBXTargetDependency */ = {
			isa = PBXTargetDependency;
			name = "AFNetworking iOS";
			targetProxy = 2423319E1D2E393600EF8698 /* PBXContainerItemProxy */;
		};
		242331A11D2E393600EF8698 /* PBXTargetDependency */ = {
			isa = PBXTargetDependency;
			name = "ISO8601DateFormatter iOS";
			targetProxy = 242331A01D2E393600EF8698 /* PBXContainerItemProxy */;
		};
		242331A31D2E393600EF8698 /* PBXTargetDependency */ = {
			isa = PBXTargetDependency;
			name = "OctoKit iOS";
			targetProxy = 242331A21D2E393600EF8698 /* PBXContainerItemProxy */;
		};
		247DF6441D5D5F0B00607526 /* PBXTargetDependency */ = {
			isa = PBXTargetDependency;
			name = "ReactiveCocoa-iOS";
			targetProxy = 247DF6431D5D5F0B00607526 /* PBXContainerItemProxy */;
		};
		247DF6481D5D5F0B00607526 /* PBXTargetDependency */ = {
			isa = PBXTargetDependency;
			name = "Mantle-iOS";
			targetProxy = 247DF6471D5D5F0B00607526 /* PBXContainerItemProxy */;
		};
		247DF64C1D5D5F0B00607526 /* PBXTargetDependency */ = {
			isa = PBXTargetDependency;
			name = "AFNetworking iOS";
			targetProxy = 247DF64B1D5D5F0B00607526 /* PBXContainerItemProxy */;
		};
		247DF6501D5D5F0B00607526 /* PBXTargetDependency */ = {
			isa = PBXTargetDependency;
			name = "ISO8601DateFormatter iOS";
			targetProxy = 247DF64F1D5D5F0B00607526 /* PBXContainerItemProxy */;
		};
		247DF6541D5D5F0B00607526 /* PBXTargetDependency */ = {
			isa = PBXTargetDependency;
			name = "OctoKit iOS";
			targetProxy = 247DF6531D5D5F0B00607526 /* PBXContainerItemProxy */;
		};
/* End PBXTargetDependency section */

/* Begin PBXVariantGroup section */
		242331321D2E36BD00EF8698 /* Main.storyboard */ = {
			isa = PBXVariantGroup;
			children = (
				242331331D2E36BD00EF8698 /* Base */,
			);
			name = Main.storyboard;
			sourceTree = "<group>";
		};
		242331371D2E36BD00EF8698 /* LaunchScreen.storyboard */ = {
			isa = PBXVariantGroup;
			children = (
				242331381D2E36BD00EF8698 /* Base */,
			);
			name = LaunchScreen.storyboard;
			sourceTree = "<group>";
		};
/* End PBXVariantGroup section */

/* Begin XCBuildConfiguration section */
		242331511D2E36BD00EF8698 /* Debug */ = {
			isa = XCBuildConfiguration;
			buildSettings = {
				ALWAYS_SEARCH_USER_PATHS = NO;
				CLANG_ANALYZER_NONNULL = YES;
				CLANG_CXX_LANGUAGE_STANDARD = "gnu++0x";
				CLANG_CXX_LIBRARY = "libc++";
				CLANG_ENABLE_MODULES = YES;
				CLANG_ENABLE_OBJC_ARC = YES;
				CLANG_WARN_BOOL_CONVERSION = YES;
				CLANG_WARN_CONSTANT_CONVERSION = YES;
				CLANG_WARN_DIRECT_OBJC_ISA_USAGE = YES_ERROR;
				CLANG_WARN_EMPTY_BODY = YES;
				CLANG_WARN_ENUM_CONVERSION = YES;
				CLANG_WARN_INT_CONVERSION = YES;
				CLANG_WARN_OBJC_ROOT_CLASS = YES_ERROR;
				CLANG_WARN_UNREACHABLE_CODE = YES;
				CLANG_WARN__DUPLICATE_METHOD_MATCH = YES;
				"CODE_SIGN_IDENTITY[sdk=iphoneos*]" = "iPhone Developer";
				COPY_PHASE_STRIP = NO;
				DEBUG_INFORMATION_FORMAT = dwarf;
				ENABLE_STRICT_OBJC_MSGSEND = YES;
				ENABLE_TESTABILITY = YES;
				GCC_C_LANGUAGE_STANDARD = gnu99;
				GCC_DYNAMIC_NO_PIC = NO;
				GCC_NO_COMMON_BLOCKS = YES;
				GCC_OPTIMIZATION_LEVEL = 0;
				GCC_PREPROCESSOR_DEFINITIONS = (
					"DEBUG=1",
					"$(inherited)",
				);
				GCC_WARN_64_TO_32_BIT_CONVERSION = YES;
				GCC_WARN_ABOUT_RETURN_TYPE = YES_ERROR;
				GCC_WARN_UNDECLARED_SELECTOR = YES;
				GCC_WARN_UNINITIALIZED_AUTOS = YES_AGGRESSIVE;
				GCC_WARN_UNUSED_FUNCTION = YES;
				GCC_WARN_UNUSED_VARIABLE = YES;
				IPHONEOS_DEPLOYMENT_TARGET = 9.0;
				MTL_ENABLE_DEBUG_INFO = YES;
				ONLY_ACTIVE_ARCH = YES;
				SDKROOT = iphoneos;
			};
			name = Debug;
		};
		242331521D2E36BD00EF8698 /* Release */ = {
			isa = XCBuildConfiguration;
			buildSettings = {
				ALWAYS_SEARCH_USER_PATHS = NO;
				CLANG_ANALYZER_NONNULL = YES;
				CLANG_CXX_LANGUAGE_STANDARD = "gnu++0x";
				CLANG_CXX_LIBRARY = "libc++";
				CLANG_ENABLE_MODULES = YES;
				CLANG_ENABLE_OBJC_ARC = YES;
				CLANG_WARN_BOOL_CONVERSION = YES;
				CLANG_WARN_CONSTANT_CONVERSION = YES;
				CLANG_WARN_DIRECT_OBJC_ISA_USAGE = YES_ERROR;
				CLANG_WARN_EMPTY_BODY = YES;
				CLANG_WARN_ENUM_CONVERSION = YES;
				CLANG_WARN_INT_CONVERSION = YES;
				CLANG_WARN_OBJC_ROOT_CLASS = YES_ERROR;
				CLANG_WARN_UNREACHABLE_CODE = YES;
				CLANG_WARN__DUPLICATE_METHOD_MATCH = YES;
				"CODE_SIGN_IDENTITY[sdk=iphoneos*]" = "iPhone Developer";
				COPY_PHASE_STRIP = NO;
				DEBUG_INFORMATION_FORMAT = "dwarf-with-dsym";
				ENABLE_NS_ASSERTIONS = NO;
				ENABLE_STRICT_OBJC_MSGSEND = YES;
				GCC_C_LANGUAGE_STANDARD = gnu99;
				GCC_NO_COMMON_BLOCKS = YES;
				GCC_WARN_64_TO_32_BIT_CONVERSION = YES;
				GCC_WARN_ABOUT_RETURN_TYPE = YES_ERROR;
				GCC_WARN_UNDECLARED_SELECTOR = YES;
				GCC_WARN_UNINITIALIZED_AUTOS = YES_AGGRESSIVE;
				GCC_WARN_UNUSED_FUNCTION = YES;
				GCC_WARN_UNUSED_VARIABLE = YES;
				IPHONEOS_DEPLOYMENT_TARGET = 9.0;
				MTL_ENABLE_DEBUG_INFO = NO;
				SDKROOT = iphoneos;
				VALIDATE_PRODUCT = YES;
			};
			name = Release;
		};
		242331541D2E36BD00EF8698 /* Debug */ = {
			isa = XCBuildConfiguration;
			baseConfigurationReference = 0F1B985E458E72E81AC860FA /* Pods-Scarecrow.debug.xcconfig */;
			buildSettings = {
				ASSETCATALOG_COMPILER_APPICON_NAME = AppIcon;
				GCC_INCREASE_PRECOMPILED_HEADER_SHARING = NO;
				GCC_PREFIX_HEADER = "Scarecrow/Scarecrow-prefix.pch";
				INFOPLIST_FILE = Scarecrow/Info.plist;
				LD_RUNPATH_SEARCH_PATHS = "$(inherited) @executable_path/Frameworks";
				PRODUCT_BUNDLE_IDENTIFIER = com.comisys.Scarecrow;
				PRODUCT_NAME = "$(TARGET_NAME)";
			};
			name = Debug;
		};
		242331551D2E36BD00EF8698 /* Release */ = {
			isa = XCBuildConfiguration;
			baseConfigurationReference = A106AB193F5A36313CE52DD2 /* Pods-Scarecrow.release.xcconfig */;
			buildSettings = {
				ASSETCATALOG_COMPILER_APPICON_NAME = AppIcon;
				GCC_INCREASE_PRECOMPILED_HEADER_SHARING = NO;
				GCC_PREFIX_HEADER = "Scarecrow/Scarecrow-prefix.pch";
				INFOPLIST_FILE = Scarecrow/Info.plist;
				LD_RUNPATH_SEARCH_PATHS = "$(inherited) @executable_path/Frameworks";
				PRODUCT_BUNDLE_IDENTIFIER = com.comisys.Scarecrow;
				PRODUCT_NAME = "$(TARGET_NAME)";
			};
			name = Release;
		};
		242331571D2E36BD00EF8698 /* Debug */ = {
			isa = XCBuildConfiguration;
			buildSettings = {
				BUNDLE_LOADER = "$(TEST_HOST)";
				INFOPLIST_FILE = ScarecrowTests/Info.plist;
				LD_RUNPATH_SEARCH_PATHS = "$(inherited) @executable_path/Frameworks @loader_path/Frameworks";
				PRODUCT_BUNDLE_IDENTIFIER = com.comisys.ScarecrowTests;
				PRODUCT_NAME = "$(TARGET_NAME)";
				TEST_HOST = "$(BUILT_PRODUCTS_DIR)/Scarecrow.app/Scarecrow";
			};
			name = Debug;
		};
		242331581D2E36BD00EF8698 /* Release */ = {
			isa = XCBuildConfiguration;
			buildSettings = {
				BUNDLE_LOADER = "$(TEST_HOST)";
				INFOPLIST_FILE = ScarecrowTests/Info.plist;
				LD_RUNPATH_SEARCH_PATHS = "$(inherited) @executable_path/Frameworks @loader_path/Frameworks";
				PRODUCT_BUNDLE_IDENTIFIER = com.comisys.ScarecrowTests;
				PRODUCT_NAME = "$(TARGET_NAME)";
				TEST_HOST = "$(BUILT_PRODUCTS_DIR)/Scarecrow.app/Scarecrow";
			};
			name = Release;
		};
		2423315A1D2E36BD00EF8698 /* Debug */ = {
			isa = XCBuildConfiguration;
			buildSettings = {
				INFOPLIST_FILE = ScarecrowUITests/Info.plist;
				LD_RUNPATH_SEARCH_PATHS = "$(inherited) @executable_path/Frameworks @loader_path/Frameworks";
				PRODUCT_BUNDLE_IDENTIFIER = com.comisys.ScarecrowUITests;
				PRODUCT_NAME = "$(TARGET_NAME)";
				TEST_TARGET_NAME = Scarecrow;
			};
			name = Debug;
		};
		2423315B1D2E36BD00EF8698 /* Release */ = {
			isa = XCBuildConfiguration;
			buildSettings = {
				INFOPLIST_FILE = ScarecrowUITests/Info.plist;
				LD_RUNPATH_SEARCH_PATHS = "$(inherited) @executable_path/Frameworks @loader_path/Frameworks";
				PRODUCT_BUNDLE_IDENTIFIER = com.comisys.ScarecrowUITests;
				PRODUCT_NAME = "$(TARGET_NAME)";
				TEST_TARGET_NAME = Scarecrow;
			};
			name = Release;
		};
/* End XCBuildConfiguration section */

/* Begin XCConfigurationList section */
		242331211D2E36BD00EF8698 /* Build configuration list for PBXProject "Scarecrow" */ = {
			isa = XCConfigurationList;
			buildConfigurations = (
				242331511D2E36BD00EF8698 /* Debug */,
				242331521D2E36BD00EF8698 /* Release */,
			);
			defaultConfigurationIsVisible = 0;
			defaultConfigurationName = Release;
		};
		242331531D2E36BD00EF8698 /* Build configuration list for PBXNativeTarget "Scarecrow" */ = {
			isa = XCConfigurationList;
			buildConfigurations = (
				242331541D2E36BD00EF8698 /* Debug */,
				242331551D2E36BD00EF8698 /* Release */,
			);
			defaultConfigurationIsVisible = 0;
			defaultConfigurationName = Release;
		};
		242331561D2E36BD00EF8698 /* Build configuration list for PBXNativeTarget "ScarecrowTests" */ = {
			isa = XCConfigurationList;
			buildConfigurations = (
				242331571D2E36BD00EF8698 /* Debug */,
				242331581D2E36BD00EF8698 /* Release */,
			);
			defaultConfigurationIsVisible = 0;
			defaultConfigurationName = Release;
		};
		242331591D2E36BD00EF8698 /* Build configuration list for PBXNativeTarget "ScarecrowUITests" */ = {
			isa = XCConfigurationList;
			buildConfigurations = (
				2423315A1D2E36BD00EF8698 /* Debug */,
				2423315B1D2E36BD00EF8698 /* Release */,
			);
			defaultConfigurationIsVisible = 0;
			defaultConfigurationName = Release;
		};
/* End XCConfigurationList section */
	};
	rootObject = 2423311E1D2E36BD00EF8698 /* Project object */;
}
